// !$*UTF8*$!
{
	archiveVersion = 1;
	classes = {
	};
	objectVersion = 50;
	objects = {

/* Begin PBXBuildFile section */
		4C99A9102274FC93003AC673 /* Sqlite.swift in Sources */ = {isa = PBXBuildFile; fileRef = 4C99A90F2274FC93003AC673 /* Sqlite.swift */; };
		4C99AA7022751960003AC673 /* SQLite.framework in Frameworks */ = {isa = PBXBuildFile; fileRef = 4C99A983227518EE003AC673 /* SQLite.framework */; };
		4C99AA7122751965003AC673 /* SQLite.framework in Frameworks */ = {isa = PBXBuildFile; fileRef = 4C99A983227518EE003AC673 /* SQLite.framework */; };
		4C99AA7222751965003AC673 /* SQLite.framework in Embed Frameworks */ = {isa = PBXBuildFile; fileRef = 4C99A983227518EE003AC673 /* SQLite.framework */; settings = {ATTRIBUTES = (CodeSignOnCopy, RemoveHeadersOnCopy, ); }; };
		A30A92E02274F27900580C13 /* StaffInforView.swift in Sources */ = {isa = PBXBuildFile; fileRef = A30A92DF2274F27900580C13 /* StaffInforView.swift */; };
		A30A92E22274F2B500580C13 /* PersonalVIew.swift in Sources */ = {isa = PBXBuildFile; fileRef = A30A92E12274F2B500580C13 /* PersonalVIew.swift */; };
		A30A92E42274F2C800580C13 /* TestingView.swift in Sources */ = {isa = PBXBuildFile; fileRef = A30A92E32274F2C800580C13 /* TestingView.swift */; };
		A30A92E62274F2D700580C13 /* SupplementView.swift in Sources */ = {isa = PBXBuildFile; fileRef = A30A92E52274F2D700580C13 /* SupplementView.swift */; };
		A30A92EA2274F2F600580C13 /* InventoryView.swift in Sources */ = {isa = PBXBuildFile; fileRef = A30A92E92274F2F600580C13 /* InventoryView.swift */; };
		A39A982922741D0D0067026D /* AppDelegate.swift in Sources */ = {isa = PBXBuildFile; fileRef = A39A982822741D0D0067026D /* AppDelegate.swift */; };
		A39A982E22741D0D0067026D /* Main.storyboard in Resources */ = {isa = PBXBuildFile; fileRef = A39A982C22741D0D0067026D /* Main.storyboard */; };
		A39A983022741D0E0067026D /* Assets.xcassets in Resources */ = {isa = PBXBuildFile; fileRef = A39A982F22741D0E0067026D /* Assets.xcassets */; };
		A39A983322741D0E0067026D /* LaunchScreen.storyboard in Resources */ = {isa = PBXBuildFile; fileRef = A39A983122741D0E0067026D /* LaunchScreen.storyboard */; };
		A39A983E22741D0E0067026D /* HIV_AllianceTests.swift in Sources */ = {isa = PBXBuildFile; fileRef = A39A983D22741D0E0067026D /* HIV_AllianceTests.swift */; };
		A39A984922741D0E0067026D /* HIV_AllianceUITests.swift in Sources */ = {isa = PBXBuildFile; fileRef = A39A984822741D0E0067026D /* HIV_AllianceUITests.swift */; };
		A39A985C227435500067026D /* HomeView.swift in Sources */ = {isa = PBXBuildFile; fileRef = A39A985B227435500067026D /* HomeView.swift */; };
		A39A985E22743C480067026D /* LoginView.swift in Sources */ = {isa = PBXBuildFile; fileRef = A39A985D22743C480067026D /* LoginView.swift */; };
		A39A986122743FF60067026D /* HistoryView.xib in Resources */ = {isa = PBXBuildFile; fileRef = A39A986022743FF60067026D /* HistoryView.xib */; };
		A3F9CD32227446470064F401 /* ModifyView.swift in Sources */ = {isa = PBXBuildFile; fileRef = A3F9CD31227446470064F401 /* ModifyView.swift */; };
		A3F9CD3C2274C79E0064F401 /* StaffView.swift in Sources */ = {isa = PBXBuildFile; fileRef = A3F9CD3B2274C79E0064F401 /* StaffView.swift */; };
		A3F9CD402274F02A0064F401 /* HistoryView.swift in Sources */ = {isa = PBXBuildFile; fileRef = A3F9CD3F2274F02A0064F401 /* HistoryView.swift */; };
/* End PBXBuildFile section */

/* Begin PBXContainerItemProxy section */
		4C99A93A22751889003AC673 /* PBXContainerItemProxy */ = {
			isa = PBXContainerItemProxy;
			containerPortal = 4C99A93022751889003AC673 /* SQLite.xcodeproj */;
			proxyType = 2;
			remoteGlobalIDString = EE247AD31C3F04ED00AE3E12;
			remoteInfo = "SQLite iOS";
		};
		4C99A93C22751889003AC673 /* PBXContainerItemProxy */ = {
			isa = PBXContainerItemProxy;
			containerPortal = 4C99A93022751889003AC673 /* SQLite.xcodeproj */;
			proxyType = 2;
			remoteGlobalIDString = EE247ADD1C3F04ED00AE3E12;
			remoteInfo = "SQLiteTests iOS";
		};
		4C99A93E22751889003AC673 /* PBXContainerItemProxy */ = {
			isa = PBXContainerItemProxy;
			containerPortal = 4C99A93022751889003AC673 /* SQLite.xcodeproj */;
			proxyType = 2;
			remoteGlobalIDString = EE247B3C1C3F3ED000AE3E12;
			remoteInfo = "SQLite Mac";
		};
		4C99A94022751889003AC673 /* PBXContainerItemProxy */ = {
			isa = PBXContainerItemProxy;
			containerPortal = 4C99A93022751889003AC673 /* SQLite.xcodeproj */;
			proxyType = 2;
			remoteGlobalIDString = EE247B451C3F3ED000AE3E12;
			remoteInfo = "SQLiteTests Mac";
		};
		4C99A94222751889003AC673 /* PBXContainerItemProxy */ = {
			isa = PBXContainerItemProxy;
			containerPortal = 4C99A93022751889003AC673 /* SQLite.xcodeproj */;
			proxyType = 2;
			remoteGlobalIDString = 03A65E5A1C6BB0F50062603F;
			remoteInfo = "SQLite tvOS";
		};
		4C99A94422751889003AC673 /* PBXContainerItemProxy */ = {
			isa = PBXContainerItemProxy;
			containerPortal = 4C99A93022751889003AC673 /* SQLite.xcodeproj */;
			proxyType = 2;
			remoteGlobalIDString = 03A65E631C6BB0F60062603F;
			remoteInfo = "SQLiteTests tvOS";
		};
		4C99A94622751889003AC673 /* PBXContainerItemProxy */ = {
			isa = PBXContainerItemProxy;
			containerPortal = 4C99A93022751889003AC673 /* SQLite.xcodeproj */;
			proxyType = 2;
			remoteGlobalIDString = A121AC451CA35C79005A31D1;
			remoteInfo = "SQLite watchOS";
		};
		4C99A95222751895003AC673 /* PBXContainerItemProxy */ = {
			isa = PBXContainerItemProxy;
			containerPortal = 4C99A94822751895003AC673 /* SQLite.xcodeproj */;
			proxyType = 2;
			remoteGlobalIDString = EE247AD31C3F04ED00AE3E12;
			remoteInfo = "SQLite iOS";
		};
		4C99A95422751895003AC673 /* PBXContainerItemProxy */ = {
			isa = PBXContainerItemProxy;
			containerPortal = 4C99A94822751895003AC673 /* SQLite.xcodeproj */;
			proxyType = 2;
			remoteGlobalIDString = EE247ADD1C3F04ED00AE3E12;
			remoteInfo = "SQLiteTests iOS";
		};
		4C99A95622751895003AC673 /* PBXContainerItemProxy */ = {
			isa = PBXContainerItemProxy;
			containerPortal = 4C99A94822751895003AC673 /* SQLite.xcodeproj */;
			proxyType = 2;
			remoteGlobalIDString = EE247B3C1C3F3ED000AE3E12;
			remoteInfo = "SQLite Mac";
		};
		4C99A95822751895003AC673 /* PBXContainerItemProxy */ = {
			isa = PBXContainerItemProxy;
			containerPortal = 4C99A94822751895003AC673 /* SQLite.xcodeproj */;
			proxyType = 2;
			remoteGlobalIDString = EE247B451C3F3ED000AE3E12;
			remoteInfo = "SQLiteTests Mac";
		};
		4C99A95A22751895003AC673 /* PBXContainerItemProxy */ = {
			isa = PBXContainerItemProxy;
			containerPortal = 4C99A94822751895003AC673 /* SQLite.xcodeproj */;
			proxyType = 2;
			remoteGlobalIDString = 03A65E5A1C6BB0F50062603F;
			remoteInfo = "SQLite tvOS";
		};
		4C99A95C22751895003AC673 /* PBXContainerItemProxy */ = {
			isa = PBXContainerItemProxy;
			containerPortal = 4C99A94822751895003AC673 /* SQLite.xcodeproj */;
			proxyType = 2;
			remoteGlobalIDString = 03A65E631C6BB0F60062603F;
			remoteInfo = "SQLiteTests tvOS";
		};
		4C99A95E22751895003AC673 /* PBXContainerItemProxy */ = {
			isa = PBXContainerItemProxy;
			containerPortal = 4C99A94822751895003AC673 /* SQLite.xcodeproj */;
			proxyType = 2;
			remoteGlobalIDString = A121AC451CA35C79005A31D1;
			remoteInfo = "SQLite watchOS";
		};
		4C99A96A227518BF003AC673 /* PBXContainerItemProxy */ = {
			isa = PBXContainerItemProxy;
			containerPortal = 4C99A960227518BF003AC673 /* SQLite.xcodeproj */;
			proxyType = 2;
			remoteGlobalIDString = EE247AD31C3F04ED00AE3E12;
			remoteInfo = "SQLite iOS";
		};
		4C99A96C227518BF003AC673 /* PBXContainerItemProxy */ = {
			isa = PBXContainerItemProxy;
			containerPortal = 4C99A960227518BF003AC673 /* SQLite.xcodeproj */;
			proxyType = 2;
			remoteGlobalIDString = EE247ADD1C3F04ED00AE3E12;
			remoteInfo = "SQLiteTests iOS";
		};
		4C99A96E227518BF003AC673 /* PBXContainerItemProxy */ = {
			isa = PBXContainerItemProxy;
			containerPortal = 4C99A960227518BF003AC673 /* SQLite.xcodeproj */;
			proxyType = 2;
			remoteGlobalIDString = EE247B3C1C3F3ED000AE3E12;
			remoteInfo = "SQLite Mac";
		};
		4C99A970227518BF003AC673 /* PBXContainerItemProxy */ = {
			isa = PBXContainerItemProxy;
			containerPortal = 4C99A960227518BF003AC673 /* SQLite.xcodeproj */;
			proxyType = 2;
			remoteGlobalIDString = EE247B451C3F3ED000AE3E12;
			remoteInfo = "SQLiteTests Mac";
		};
		4C99A972227518BF003AC673 /* PBXContainerItemProxy */ = {
			isa = PBXContainerItemProxy;
			containerPortal = 4C99A960227518BF003AC673 /* SQLite.xcodeproj */;
			proxyType = 2;
			remoteGlobalIDString = 03A65E5A1C6BB0F50062603F;
			remoteInfo = "SQLite tvOS";
		};
		4C99A974227518BF003AC673 /* PBXContainerItemProxy */ = {
			isa = PBXContainerItemProxy;
			containerPortal = 4C99A960227518BF003AC673 /* SQLite.xcodeproj */;
			proxyType = 2;
			remoteGlobalIDString = 03A65E631C6BB0F60062603F;
			remoteInfo = "SQLiteTests tvOS";
		};
		4C99A976227518BF003AC673 /* PBXContainerItemProxy */ = {
			isa = PBXContainerItemProxy;
			containerPortal = 4C99A960227518BF003AC673 /* SQLite.xcodeproj */;
			proxyType = 2;
			remoteGlobalIDString = A121AC451CA35C79005A31D1;
			remoteInfo = "SQLite watchOS";
		};
		4C99A982227518EE003AC673 /* PBXContainerItemProxy */ = {
			isa = PBXContainerItemProxy;
			containerPortal = 4C99A978227518EE003AC673 /* SQLite.xcodeproj */;
			proxyType = 2;
			remoteGlobalIDString = EE247AD31C3F04ED00AE3E12;
			remoteInfo = "SQLite iOS";
		};
		4C99A984227518EE003AC673 /* PBXContainerItemProxy */ = {
			isa = PBXContainerItemProxy;
			containerPortal = 4C99A978227518EE003AC673 /* SQLite.xcodeproj */;
			proxyType = 2;
			remoteGlobalIDString = EE247ADD1C3F04ED00AE3E12;
			remoteInfo = "SQLiteTests iOS";
		};
		4C99A986227518EE003AC673 /* PBXContainerItemProxy */ = {
			isa = PBXContainerItemProxy;
			containerPortal = 4C99A978227518EE003AC673 /* SQLite.xcodeproj */;
			proxyType = 2;
			remoteGlobalIDString = EE247B3C1C3F3ED000AE3E12;
			remoteInfo = "SQLite Mac";
		};
		4C99A988227518EE003AC673 /* PBXContainerItemProxy */ = {
			isa = PBXContainerItemProxy;
			containerPortal = 4C99A978227518EE003AC673 /* SQLite.xcodeproj */;
			proxyType = 2;
			remoteGlobalIDString = EE247B451C3F3ED000AE3E12;
			remoteInfo = "SQLiteTests Mac";
		};
		4C99A98A227518EE003AC673 /* PBXContainerItemProxy */ = {
			isa = PBXContainerItemProxy;
			containerPortal = 4C99A978227518EE003AC673 /* SQLite.xcodeproj */;
			proxyType = 2;
			remoteGlobalIDString = 03A65E5A1C6BB0F50062603F;
			remoteInfo = "SQLite tvOS";
		};
		4C99A98C227518EE003AC673 /* PBXContainerItemProxy */ = {
			isa = PBXContainerItemProxy;
			containerPortal = 4C99A978227518EE003AC673 /* SQLite.xcodeproj */;
			proxyType = 2;
			remoteGlobalIDString = 03A65E631C6BB0F60062603F;
			remoteInfo = "SQLiteTests tvOS";
		};
		4C99A98E227518EE003AC673 /* PBXContainerItemProxy */ = {
			isa = PBXContainerItemProxy;
			containerPortal = 4C99A978227518EE003AC673 /* SQLite.xcodeproj */;
			proxyType = 2;
			remoteGlobalIDString = A121AC451CA35C79005A31D1;
			remoteInfo = "SQLite watchOS";
		};
		4C99A99A227518F1003AC673 /* PBXContainerItemProxy */ = {
			isa = PBXContainerItemProxy;
			containerPortal = 4C99A990227518F1003AC673 /* SQLite.xcodeproj */;
			proxyType = 2;
			remoteGlobalIDString = EE247AD31C3F04ED00AE3E12;
			remoteInfo = "SQLite iOS";
		};
		4C99A99C227518F1003AC673 /* PBXContainerItemProxy */ = {
			isa = PBXContainerItemProxy;
			containerPortal = 4C99A990227518F1003AC673 /* SQLite.xcodeproj */;
			proxyType = 2;
			remoteGlobalIDString = EE247ADD1C3F04ED00AE3E12;
			remoteInfo = "SQLiteTests iOS";
		};
		4C99A99E227518F1003AC673 /* PBXContainerItemProxy */ = {
			isa = PBXContainerItemProxy;
			containerPortal = 4C99A990227518F1003AC673 /* SQLite.xcodeproj */;
			proxyType = 2;
			remoteGlobalIDString = EE247B3C1C3F3ED000AE3E12;
			remoteInfo = "SQLite Mac";
		};
		4C99A9A0227518F1003AC673 /* PBXContainerItemProxy */ = {
			isa = PBXContainerItemProxy;
			containerPortal = 4C99A990227518F1003AC673 /* SQLite.xcodeproj */;
			proxyType = 2;
			remoteGlobalIDString = EE247B451C3F3ED000AE3E12;
			remoteInfo = "SQLiteTests Mac";
		};
		4C99A9A2227518F1003AC673 /* PBXContainerItemProxy */ = {
			isa = PBXContainerItemProxy;
			containerPortal = 4C99A990227518F1003AC673 /* SQLite.xcodeproj */;
			proxyType = 2;
			remoteGlobalIDString = 03A65E5A1C6BB0F50062603F;
			remoteInfo = "SQLite tvOS";
		};
		4C99A9A4227518F1003AC673 /* PBXContainerItemProxy */ = {
			isa = PBXContainerItemProxy;
			containerPortal = 4C99A990227518F1003AC673 /* SQLite.xcodeproj */;
			proxyType = 2;
			remoteGlobalIDString = 03A65E631C6BB0F60062603F;
			remoteInfo = "SQLiteTests tvOS";
		};
		4C99A9A6227518F1003AC673 /* PBXContainerItemProxy */ = {
			isa = PBXContainerItemProxy;
			containerPortal = 4C99A990227518F1003AC673 /* SQLite.xcodeproj */;
			proxyType = 2;
			remoteGlobalIDString = A121AC451CA35C79005A31D1;
			remoteInfo = "SQLite watchOS";
		};
		4C99A9B2227518F8003AC673 /* PBXContainerItemProxy */ = {
			isa = PBXContainerItemProxy;
			containerPortal = 4C99A9A8227518F8003AC673 /* SQLite.xcodeproj */;
			proxyType = 2;
			remoteGlobalIDString = EE247AD31C3F04ED00AE3E12;
			remoteInfo = "SQLite iOS";
		};
		4C99A9B4227518F8003AC673 /* PBXContainerItemProxy */ = {
			isa = PBXContainerItemProxy;
			containerPortal = 4C99A9A8227518F8003AC673 /* SQLite.xcodeproj */;
			proxyType = 2;
			remoteGlobalIDString = EE247ADD1C3F04ED00AE3E12;
			remoteInfo = "SQLiteTests iOS";
		};
		4C99A9B6227518F8003AC673 /* PBXContainerItemProxy */ = {
			isa = PBXContainerItemProxy;
			containerPortal = 4C99A9A8227518F8003AC673 /* SQLite.xcodeproj */;
			proxyType = 2;
			remoteGlobalIDString = EE247B3C1C3F3ED000AE3E12;
			remoteInfo = "SQLite Mac";
		};
		4C99A9B8227518F8003AC673 /* PBXContainerItemProxy */ = {
			isa = PBXContainerItemProxy;
			containerPortal = 4C99A9A8227518F8003AC673 /* SQLite.xcodeproj */;
			proxyType = 2;
			remoteGlobalIDString = EE247B451C3F3ED000AE3E12;
			remoteInfo = "SQLiteTests Mac";
		};
		4C99A9BA227518F8003AC673 /* PBXContainerItemProxy */ = {
			isa = PBXContainerItemProxy;
			containerPortal = 4C99A9A8227518F8003AC673 /* SQLite.xcodeproj */;
			proxyType = 2;
			remoteGlobalIDString = 03A65E5A1C6BB0F50062603F;
			remoteInfo = "SQLite tvOS";
		};
		4C99A9BC227518F8003AC673 /* PBXContainerItemProxy */ = {
			isa = PBXContainerItemProxy;
			containerPortal = 4C99A9A8227518F8003AC673 /* SQLite.xcodeproj */;
			proxyType = 2;
			remoteGlobalIDString = 03A65E631C6BB0F60062603F;
			remoteInfo = "SQLiteTests tvOS";
		};
		4C99A9BE227518F8003AC673 /* PBXContainerItemProxy */ = {
			isa = PBXContainerItemProxy;
			containerPortal = 4C99A9A8227518F8003AC673 /* SQLite.xcodeproj */;
			proxyType = 2;
			remoteGlobalIDString = A121AC451CA35C79005A31D1;
			remoteInfo = "SQLite watchOS";
		};
		4C99A9CA22751926003AC673 /* PBXContainerItemProxy */ = {
			isa = PBXContainerItemProxy;
			containerPortal = 4C99A9C022751926003AC673 /* SQLite.xcodeproj */;
			proxyType = 2;
			remoteGlobalIDString = EE247AD31C3F04ED00AE3E12;
			remoteInfo = "SQLite iOS";
		};
		4C99A9CC22751926003AC673 /* PBXContainerItemProxy */ = {
			isa = PBXContainerItemProxy;
			containerPortal = 4C99A9C022751926003AC673 /* SQLite.xcodeproj */;
			proxyType = 2;
			remoteGlobalIDString = EE247ADD1C3F04ED00AE3E12;
			remoteInfo = "SQLiteTests iOS";
		};
		4C99A9CE22751926003AC673 /* PBXContainerItemProxy */ = {
			isa = PBXContainerItemProxy;
			containerPortal = 4C99A9C022751926003AC673 /* SQLite.xcodeproj */;
			proxyType = 2;
			remoteGlobalIDString = EE247B3C1C3F3ED000AE3E12;
			remoteInfo = "SQLite Mac";
		};
		4C99A9D022751926003AC673 /* PBXContainerItemProxy */ = {
			isa = PBXContainerItemProxy;
			containerPortal = 4C99A9C022751926003AC673 /* SQLite.xcodeproj */;
			proxyType = 2;
			remoteGlobalIDString = EE247B451C3F3ED000AE3E12;
			remoteInfo = "SQLiteTests Mac";
		};
		4C99A9D222751926003AC673 /* PBXContainerItemProxy */ = {
			isa = PBXContainerItemProxy;
			containerPortal = 4C99A9C022751926003AC673 /* SQLite.xcodeproj */;
			proxyType = 2;
			remoteGlobalIDString = 03A65E5A1C6BB0F50062603F;
			remoteInfo = "SQLite tvOS";
		};
		4C99A9D422751926003AC673 /* PBXContainerItemProxy */ = {
			isa = PBXContainerItemProxy;
			containerPortal = 4C99A9C022751926003AC673 /* SQLite.xcodeproj */;
			proxyType = 2;
			remoteGlobalIDString = 03A65E631C6BB0F60062603F;
			remoteInfo = "SQLiteTests tvOS";
		};
		4C99A9D622751926003AC673 /* PBXContainerItemProxy */ = {
			isa = PBXContainerItemProxy;
			containerPortal = 4C99A9C022751926003AC673 /* SQLite.xcodeproj */;
			proxyType = 2;
			remoteGlobalIDString = A121AC451CA35C79005A31D1;
			remoteInfo = "SQLite watchOS";
		};
		4C99AA1322751935003AC673 /* PBXContainerItemProxy */ = {
			isa = PBXContainerItemProxy;
			containerPortal = 4C99A9DF22751935003AC673 /* SQLite.xcodeproj */;
			proxyType = 2;
			remoteGlobalIDString = EE247AD31C3F04ED00AE3E12;
			remoteInfo = "SQLite iOS";
		};
		4C99AA1522751935003AC673 /* PBXContainerItemProxy */ = {
			isa = PBXContainerItemProxy;
			containerPortal = 4C99A9DF22751935003AC673 /* SQLite.xcodeproj */;
			proxyType = 2;
			remoteGlobalIDString = EE247ADD1C3F04ED00AE3E12;
			remoteInfo = "SQLiteTests iOS";
		};
		4C99AA1722751935003AC673 /* PBXContainerItemProxy */ = {
			isa = PBXContainerItemProxy;
			containerPortal = 4C99A9DF22751935003AC673 /* SQLite.xcodeproj */;
			proxyType = 2;
			remoteGlobalIDString = EE247B3C1C3F3ED000AE3E12;
			remoteInfo = "SQLite Mac";
		};
		4C99AA1922751935003AC673 /* PBXContainerItemProxy */ = {
			isa = PBXContainerItemProxy;
			containerPortal = 4C99A9DF22751935003AC673 /* SQLite.xcodeproj */;
			proxyType = 2;
			remoteGlobalIDString = EE247B451C3F3ED000AE3E12;
			remoteInfo = "SQLiteTests Mac";
		};
		4C99AA1B22751935003AC673 /* PBXContainerItemProxy */ = {
			isa = PBXContainerItemProxy;
			containerPortal = 4C99A9DF22751935003AC673 /* SQLite.xcodeproj */;
			proxyType = 2;
			remoteGlobalIDString = 03A65E5A1C6BB0F50062603F;
			remoteInfo = "SQLite tvOS";
		};
		4C99AA1D22751935003AC673 /* PBXContainerItemProxy */ = {
			isa = PBXContainerItemProxy;
			containerPortal = 4C99A9DF22751935003AC673 /* SQLite.xcodeproj */;
			proxyType = 2;
			remoteGlobalIDString = 03A65E631C6BB0F60062603F;
			remoteInfo = "SQLiteTests tvOS";
		};
		4C99AA1F22751935003AC673 /* PBXContainerItemProxy */ = {
			isa = PBXContainerItemProxy;
			containerPortal = 4C99A9DF22751935003AC673 /* SQLite.xcodeproj */;
			proxyType = 2;
			remoteGlobalIDString = A121AC451CA35C79005A31D1;
			remoteInfo = "SQLite watchOS";
		};
		4C99AA3222751938003AC673 /* PBXContainerItemProxy */ = {
			isa = PBXContainerItemProxy;
			containerPortal = 4C99AA2822751938003AC673 /* SQLite.xcodeproj */;
			proxyType = 2;
			remoteGlobalIDString = EE247AD31C3F04ED00AE3E12;
			remoteInfo = "SQLite iOS";
		};
		4C99AA3422751938003AC673 /* PBXContainerItemProxy */ = {
			isa = PBXContainerItemProxy;
			containerPortal = 4C99AA2822751938003AC673 /* SQLite.xcodeproj */;
			proxyType = 2;
			remoteGlobalIDString = EE247ADD1C3F04ED00AE3E12;
			remoteInfo = "SQLiteTests iOS";
		};
		4C99AA3622751938003AC673 /* PBXContainerItemProxy */ = {
			isa = PBXContainerItemProxy;
			containerPortal = 4C99AA2822751938003AC673 /* SQLite.xcodeproj */;
			proxyType = 2;
			remoteGlobalIDString = EE247B3C1C3F3ED000AE3E12;
			remoteInfo = "SQLite Mac";
		};
		4C99AA3822751938003AC673 /* PBXContainerItemProxy */ = {
			isa = PBXContainerItemProxy;
			containerPortal = 4C99AA2822751938003AC673 /* SQLite.xcodeproj */;
			proxyType = 2;
			remoteGlobalIDString = EE247B451C3F3ED000AE3E12;
			remoteInfo = "SQLiteTests Mac";
		};
		4C99AA3A22751938003AC673 /* PBXContainerItemProxy */ = {
			isa = PBXContainerItemProxy;
			containerPortal = 4C99AA2822751938003AC673 /* SQLite.xcodeproj */;
			proxyType = 2;
			remoteGlobalIDString = 03A65E5A1C6BB0F50062603F;
			remoteInfo = "SQLite tvOS";
		};
		4C99AA3C22751938003AC673 /* PBXContainerItemProxy */ = {
			isa = PBXContainerItemProxy;
			containerPortal = 4C99AA2822751938003AC673 /* SQLite.xcodeproj */;
			proxyType = 2;
			remoteGlobalIDString = 03A65E631C6BB0F60062603F;
			remoteInfo = "SQLiteTests tvOS";
		};
		4C99AA3E22751938003AC673 /* PBXContainerItemProxy */ = {
			isa = PBXContainerItemProxy;
			containerPortal = 4C99AA2822751938003AC673 /* SQLite.xcodeproj */;
			proxyType = 2;
			remoteGlobalIDString = A121AC451CA35C79005A31D1;
			remoteInfo = "SQLite watchOS";
		};
		4C99AA4A2275193B003AC673 /* PBXContainerItemProxy */ = {
			isa = PBXContainerItemProxy;
			containerPortal = 4C99AA402275193B003AC673 /* SQLite.xcodeproj */;
			proxyType = 2;
			remoteGlobalIDString = EE247AD31C3F04ED00AE3E12;
			remoteInfo = "SQLite iOS";
		};
		4C99AA4C2275193B003AC673 /* PBXContainerItemProxy */ = {
			isa = PBXContainerItemProxy;
			containerPortal = 4C99AA402275193B003AC673 /* SQLite.xcodeproj */;
			proxyType = 2;
			remoteGlobalIDString = EE247ADD1C3F04ED00AE3E12;
			remoteInfo = "SQLiteTests iOS";
		};
		4C99AA4E2275193B003AC673 /* PBXContainerItemProxy */ = {
			isa = PBXContainerItemProxy;
			containerPortal = 4C99AA402275193B003AC673 /* SQLite.xcodeproj */;
			proxyType = 2;
			remoteGlobalIDString = EE247B3C1C3F3ED000AE3E12;
			remoteInfo = "SQLite Mac";
		};
		4C99AA502275193B003AC673 /* PBXContainerItemProxy */ = {
			isa = PBXContainerItemProxy;
			containerPortal = 4C99AA402275193B003AC673 /* SQLite.xcodeproj */;
			proxyType = 2;
			remoteGlobalIDString = EE247B451C3F3ED000AE3E12;
			remoteInfo = "SQLiteTests Mac";
		};
		4C99AA522275193B003AC673 /* PBXContainerItemProxy */ = {
			isa = PBXContainerItemProxy;
			containerPortal = 4C99AA402275193B003AC673 /* SQLite.xcodeproj */;
			proxyType = 2;
			remoteGlobalIDString = 03A65E5A1C6BB0F50062603F;
			remoteInfo = "SQLite tvOS";
		};
		4C99AA542275193B003AC673 /* PBXContainerItemProxy */ = {
			isa = PBXContainerItemProxy;
			containerPortal = 4C99AA402275193B003AC673 /* SQLite.xcodeproj */;
			proxyType = 2;
			remoteGlobalIDString = 03A65E631C6BB0F60062603F;
			remoteInfo = "SQLiteTests tvOS";
		};
		4C99AA562275193B003AC673 /* PBXContainerItemProxy */ = {
			isa = PBXContainerItemProxy;
			containerPortal = 4C99AA402275193B003AC673 /* SQLite.xcodeproj */;
			proxyType = 2;
			remoteGlobalIDString = A121AC451CA35C79005A31D1;
			remoteInfo = "SQLite watchOS";
		};
		4C99AA6222751954003AC673 /* PBXContainerItemProxy */ = {
			isa = PBXContainerItemProxy;
			containerPortal = 4C99AA5822751954003AC673 /* SQLite.xcodeproj */;
			proxyType = 2;
			remoteGlobalIDString = EE247AD31C3F04ED00AE3E12;
			remoteInfo = "SQLite iOS";
		};
		4C99AA6422751954003AC673 /* PBXContainerItemProxy */ = {
			isa = PBXContainerItemProxy;
			containerPortal = 4C99AA5822751954003AC673 /* SQLite.xcodeproj */;
			proxyType = 2;
			remoteGlobalIDString = EE247ADD1C3F04ED00AE3E12;
			remoteInfo = "SQLiteTests iOS";
		};
		4C99AA6622751954003AC673 /* PBXContainerItemProxy */ = {
			isa = PBXContainerItemProxy;
			containerPortal = 4C99AA5822751954003AC673 /* SQLite.xcodeproj */;
			proxyType = 2;
			remoteGlobalIDString = EE247B3C1C3F3ED000AE3E12;
			remoteInfo = "SQLite Mac";
		};
		4C99AA6822751954003AC673 /* PBXContainerItemProxy */ = {
			isa = PBXContainerItemProxy;
			containerPortal = 4C99AA5822751954003AC673 /* SQLite.xcodeproj */;
			proxyType = 2;
			remoteGlobalIDString = EE247B451C3F3ED000AE3E12;
			remoteInfo = "SQLiteTests Mac";
		};
		4C99AA6A22751954003AC673 /* PBXContainerItemProxy */ = {
			isa = PBXContainerItemProxy;
			containerPortal = 4C99AA5822751954003AC673 /* SQLite.xcodeproj */;
			proxyType = 2;
			remoteGlobalIDString = 03A65E5A1C6BB0F50062603F;
			remoteInfo = "SQLite tvOS";
		};
		4C99AA6C22751954003AC673 /* PBXContainerItemProxy */ = {
			isa = PBXContainerItemProxy;
			containerPortal = 4C99AA5822751954003AC673 /* SQLite.xcodeproj */;
			proxyType = 2;
			remoteGlobalIDString = 03A65E631C6BB0F60062603F;
			remoteInfo = "SQLiteTests tvOS";
		};
		4C99AA6E22751954003AC673 /* PBXContainerItemProxy */ = {
			isa = PBXContainerItemProxy;
			containerPortal = 4C99AA5822751954003AC673 /* SQLite.xcodeproj */;
			proxyType = 2;
			remoteGlobalIDString = A121AC451CA35C79005A31D1;
			remoteInfo = "SQLite watchOS";
		};
		4C99AA7322751965003AC673 /* PBXContainerItemProxy */ = {
			isa = PBXContainerItemProxy;
			containerPortal = 4C99A978227518EE003AC673 /* SQLite.xcodeproj */;
			proxyType = 1;
			remoteGlobalIDString = EE247AD21C3F04ED00AE3E12;
			remoteInfo = "SQLite iOS";
		};
		4C99AA7F2275196A003AC673 /* PBXContainerItemProxy */ = {
			isa = PBXContainerItemProxy;
			containerPortal = 4C99AA752275196A003AC673 /* SQLite.xcodeproj */;
			proxyType = 2;
			remoteGlobalIDString = EE247AD31C3F04ED00AE3E12;
			remoteInfo = "SQLite iOS";
		};
		4C99AA812275196A003AC673 /* PBXContainerItemProxy */ = {
			isa = PBXContainerItemProxy;
			containerPortal = 4C99AA752275196A003AC673 /* SQLite.xcodeproj */;
			proxyType = 2;
			remoteGlobalIDString = EE247ADD1C3F04ED00AE3E12;
			remoteInfo = "SQLiteTests iOS";
		};
		4C99AA832275196A003AC673 /* PBXContainerItemProxy */ = {
			isa = PBXContainerItemProxy;
			containerPortal = 4C99AA752275196A003AC673 /* SQLite.xcodeproj */;
			proxyType = 2;
			remoteGlobalIDString = EE247B3C1C3F3ED000AE3E12;
			remoteInfo = "SQLite Mac";
		};
		4C99AA852275196A003AC673 /* PBXContainerItemProxy */ = {
			isa = PBXContainerItemProxy;
			containerPortal = 4C99AA752275196A003AC673 /* SQLite.xcodeproj */;
			proxyType = 2;
			remoteGlobalIDString = EE247B451C3F3ED000AE3E12;
			remoteInfo = "SQLiteTests Mac";
		};
		4C99AA872275196A003AC673 /* PBXContainerItemProxy */ = {
			isa = PBXContainerItemProxy;
			containerPortal = 4C99AA752275196A003AC673 /* SQLite.xcodeproj */;
			proxyType = 2;
			remoteGlobalIDString = 03A65E5A1C6BB0F50062603F;
			remoteInfo = "SQLite tvOS";
		};
		4C99AA892275196A003AC673 /* PBXContainerItemProxy */ = {
			isa = PBXContainerItemProxy;
			containerPortal = 4C99AA752275196A003AC673 /* SQLite.xcodeproj */;
			proxyType = 2;
			remoteGlobalIDString = 03A65E631C6BB0F60062603F;
			remoteInfo = "SQLiteTests tvOS";
		};
		4C99AA8B2275196A003AC673 /* PBXContainerItemProxy */ = {
			isa = PBXContainerItemProxy;
			containerPortal = 4C99AA752275196A003AC673 /* SQLite.xcodeproj */;
			proxyType = 2;
			remoteGlobalIDString = A121AC451CA35C79005A31D1;
			remoteInfo = "SQLite watchOS";
		};
		4C99AA972275197C003AC673 /* PBXContainerItemProxy */ = {
			isa = PBXContainerItemProxy;
			containerPortal = 4C99AA8D2275197C003AC673 /* SQLite.xcodeproj */;
			proxyType = 2;
			remoteGlobalIDString = EE247AD31C3F04ED00AE3E12;
			remoteInfo = "SQLite iOS";
		};
		4C99AA992275197C003AC673 /* PBXContainerItemProxy */ = {
			isa = PBXContainerItemProxy;
			containerPortal = 4C99AA8D2275197C003AC673 /* SQLite.xcodeproj */;
			proxyType = 2;
			remoteGlobalIDString = EE247ADD1C3F04ED00AE3E12;
			remoteInfo = "SQLiteTests iOS";
		};
		4C99AA9B2275197C003AC673 /* PBXContainerItemProxy */ = {
			isa = PBXContainerItemProxy;
			containerPortal = 4C99AA8D2275197C003AC673 /* SQLite.xcodeproj */;
			proxyType = 2;
			remoteGlobalIDString = EE247B3C1C3F3ED000AE3E12;
			remoteInfo = "SQLite Mac";
		};
		4C99AA9D2275197C003AC673 /* PBXContainerItemProxy */ = {
			isa = PBXContainerItemProxy;
			containerPortal = 4C99AA8D2275197C003AC673 /* SQLite.xcodeproj */;
			proxyType = 2;
			remoteGlobalIDString = EE247B451C3F3ED000AE3E12;
			remoteInfo = "SQLiteTests Mac";
		};
		4C99AA9F2275197C003AC673 /* PBXContainerItemProxy */ = {
			isa = PBXContainerItemProxy;
			containerPortal = 4C99AA8D2275197C003AC673 /* SQLite.xcodeproj */;
			proxyType = 2;
			remoteGlobalIDString = 03A65E5A1C6BB0F50062603F;
			remoteInfo = "SQLite tvOS";
		};
		4C99AAA12275197C003AC673 /* PBXContainerItemProxy */ = {
			isa = PBXContainerItemProxy;
			containerPortal = 4C99AA8D2275197C003AC673 /* SQLite.xcodeproj */;
			proxyType = 2;
			remoteGlobalIDString = 03A65E631C6BB0F60062603F;
			remoteInfo = "SQLiteTests tvOS";
		};
		4C99AAA32275197C003AC673 /* PBXContainerItemProxy */ = {
			isa = PBXContainerItemProxy;
			containerPortal = 4C99AA8D2275197C003AC673 /* SQLite.xcodeproj */;
			proxyType = 2;
			remoteGlobalIDString = A121AC451CA35C79005A31D1;
			remoteInfo = "SQLite watchOS";
		};
		A39A983A22741D0E0067026D /* PBXContainerItemProxy */ = {
			isa = PBXContainerItemProxy;
			containerPortal = A39A981D22741D0D0067026D /* Project object */;
			proxyType = 1;
			remoteGlobalIDString = A39A982422741D0D0067026D;
			remoteInfo = "HIV Alliance";
		};
		A39A984522741D0E0067026D /* PBXContainerItemProxy */ = {
			isa = PBXContainerItemProxy;
			containerPortal = A39A981D22741D0D0067026D /* Project object */;
			proxyType = 1;
			remoteGlobalIDString = A39A982422741D0D0067026D;
			remoteInfo = "HIV Alliance";
		};
/* End PBXContainerItemProxy section */

/* Begin PBXCopyFilesBuildPhase section */
		4C99A92F2274FDF8003AC673 /* Embed Frameworks */ = {
			isa = PBXCopyFilesBuildPhase;
			buildActionMask = 2147483647;
			dstPath = "";
			dstSubfolderSpec = 10;
			files = (
				4C99AA7222751965003AC673 /* SQLite.framework in Embed Frameworks */,
			);
			name = "Embed Frameworks";
			runOnlyForDeploymentPostprocessing = 0;
		};
/* End PBXCopyFilesBuildPhase section */

/* Begin PBXFileReference section */
		4C99A90F2274FC93003AC673 /* Sqlite.swift */ = {isa = PBXFileReference; fileEncoding = 4; lastKnownFileType = sourcecode.swift; path = Sqlite.swift; sourceTree = "<group>"; };
		4C99A93022751889003AC673 /* SQLite.xcodeproj */ = {isa = PBXFileReference; lastKnownFileType = "wrapper.pb-project"; name = SQLite.xcodeproj; path = "SQLite.swift-master/SQLite.xcodeproj"; sourceTree = "<group>"; };
		4C99A94822751895003AC673 /* SQLite.xcodeproj */ = {isa = PBXFileReference; lastKnownFileType = "wrapper.pb-project"; name = SQLite.xcodeproj; path = "SQLite.swift-master/SQLite.xcodeproj"; sourceTree = "<group>"; };
		4C99A960227518BF003AC673 /* SQLite.xcodeproj */ = {isa = PBXFileReference; lastKnownFileType = "wrapper.pb-project"; name = SQLite.xcodeproj; path = "SQLite.swift-master/SQLite.xcodeproj"; sourceTree = "<group>"; };
		4C99A978227518EE003AC673 /* SQLite.xcodeproj */ = {isa = PBXFileReference; lastKnownFileType = "wrapper.pb-project"; name = SQLite.xcodeproj; path = "SQLite.swift-master/SQLite.xcodeproj"; sourceTree = "<group>"; };
		4C99A990227518F1003AC673 /* SQLite.xcodeproj */ = {isa = PBXFileReference; lastKnownFileType = "wrapper.pb-project"; name = SQLite.xcodeproj; path = "SQLite.swift-master/SQLite.xcodeproj"; sourceTree = "<group>"; };
		4C99A9A8227518F8003AC673 /* SQLite.xcodeproj */ = {isa = PBXFileReference; lastKnownFileType = "wrapper.pb-project"; name = SQLite.xcodeproj; path = "SQLite.swift-master/SQLite.xcodeproj"; sourceTree = "<group>"; };
		4C99A9C022751926003AC673 /* SQLite.xcodeproj */ = {isa = PBXFileReference; lastKnownFileType = "wrapper.pb-project"; name = SQLite.xcodeproj; path = "SQLite.swift-master/SQLite.xcodeproj"; sourceTree = "<group>"; };
		4C99A9DF22751935003AC673 /* SQLite.xcodeproj */ = {isa = PBXFileReference; lastKnownFileType = "wrapper.pb-project"; name = SQLite.xcodeproj; path = "SQLite.swift-master/SQLite.xcodeproj"; sourceTree = "<group>"; };
		4C99AA2822751938003AC673 /* SQLite.xcodeproj */ = {isa = PBXFileReference; lastKnownFileType = "wrapper.pb-project"; name = SQLite.xcodeproj; path = "SQLite.swift-master/SQLite.xcodeproj"; sourceTree = "<group>"; };
		4C99AA402275193B003AC673 /* SQLite.xcodeproj */ = {isa = PBXFileReference; lastKnownFileType = "wrapper.pb-project"; name = SQLite.xcodeproj; path = "SQLite.swift-master/SQLite.xcodeproj"; sourceTree = "<group>"; };
		4C99AA5822751954003AC673 /* SQLite.xcodeproj */ = {isa = PBXFileReference; lastKnownFileType = "wrapper.pb-project"; name = SQLite.xcodeproj; path = "SQLite.swift-master/SQLite.xcodeproj"; sourceTree = "<group>"; };
		4C99AA752275196A003AC673 /* SQLite.xcodeproj */ = {isa = PBXFileReference; lastKnownFileType = "wrapper.pb-project"; name = SQLite.xcodeproj; path = "SQLite.swift-master/SQLite.xcodeproj"; sourceTree = "<group>"; };
		4C99AA8D2275197C003AC673 /* SQLite.xcodeproj */ = {isa = PBXFileReference; lastKnownFileType = "wrapper.pb-project"; name = SQLite.xcodeproj; path = "SQLite.swift-master/SQLite.xcodeproj"; sourceTree = "<group>"; };
		A30A92DF2274F27900580C13 /* StaffInforView.swift */ = {isa = PBXFileReference; lastKnownFileType = sourcecode.swift; path = StaffInforView.swift; sourceTree = "<group>"; };
		A30A92E12274F2B500580C13 /* PersonalVIew.swift */ = {isa = PBXFileReference; lastKnownFileType = sourcecode.swift; path = PersonalVIew.swift; sourceTree = "<group>"; };
		A30A92E32274F2C800580C13 /* TestingView.swift */ = {isa = PBXFileReference; lastKnownFileType = sourcecode.swift; path = TestingView.swift; sourceTree = "<group>"; };
		A30A92E52274F2D700580C13 /* SupplementView.swift */ = {isa = PBXFileReference; lastKnownFileType = sourcecode.swift; path = SupplementView.swift; sourceTree = "<group>"; };
		A30A92E92274F2F600580C13 /* InventoryView.swift */ = {isa = PBXFileReference; lastKnownFileType = sourcecode.swift; path = InventoryView.swift; sourceTree = "<group>"; };
		A39A982522741D0D0067026D /* HIV Alliance.app */ = {isa = PBXFileReference; explicitFileType = wrapper.application; includeInIndex = 0; path = "HIV Alliance.app"; sourceTree = BUILT_PRODUCTS_DIR; };
		A39A982822741D0D0067026D /* AppDelegate.swift */ = {isa = PBXFileReference; lastKnownFileType = sourcecode.swift; path = AppDelegate.swift; sourceTree = "<group>"; };
		A39A982D22741D0D0067026D /* Base */ = {isa = PBXFileReference; lastKnownFileType = file.storyboard; name = Base; path = Base.lproj/Main.storyboard; sourceTree = "<group>"; };
		A39A982F22741D0E0067026D /* Assets.xcassets */ = {isa = PBXFileReference; lastKnownFileType = folder.assetcatalog; path = Assets.xcassets; sourceTree = "<group>"; };
		A39A983222741D0E0067026D /* Base */ = {isa = PBXFileReference; lastKnownFileType = file.storyboard; name = Base; path = Base.lproj/LaunchScreen.storyboard; sourceTree = "<group>"; };
		A39A983422741D0E0067026D /* Info.plist */ = {isa = PBXFileReference; lastKnownFileType = text.plist.xml; path = Info.plist; sourceTree = "<group>"; };
		A39A983922741D0E0067026D /* HIV AllianceTests.xctest */ = {isa = PBXFileReference; explicitFileType = wrapper.cfbundle; includeInIndex = 0; path = "HIV AllianceTests.xctest"; sourceTree = BUILT_PRODUCTS_DIR; };
		A39A983D22741D0E0067026D /* HIV_AllianceTests.swift */ = {isa = PBXFileReference; lastKnownFileType = sourcecode.swift; path = HIV_AllianceTests.swift; sourceTree = "<group>"; };
		A39A983F22741D0E0067026D /* Info.plist */ = {isa = PBXFileReference; lastKnownFileType = text.plist.xml; path = Info.plist; sourceTree = "<group>"; };
		A39A984422741D0E0067026D /* HIV AllianceUITests.xctest */ = {isa = PBXFileReference; explicitFileType = wrapper.cfbundle; includeInIndex = 0; path = "HIV AllianceUITests.xctest"; sourceTree = BUILT_PRODUCTS_DIR; };
		A39A984822741D0E0067026D /* HIV_AllianceUITests.swift */ = {isa = PBXFileReference; lastKnownFileType = sourcecode.swift; path = HIV_AllianceUITests.swift; sourceTree = "<group>"; };
		A39A984A22741D0E0067026D /* Info.plist */ = {isa = PBXFileReference; lastKnownFileType = text.plist.xml; path = Info.plist; sourceTree = "<group>"; };
		A39A985B227435500067026D /* HomeView.swift */ = {isa = PBXFileReference; lastKnownFileType = sourcecode.swift; path = HomeView.swift; sourceTree = "<group>"; };
		A39A985D22743C480067026D /* LoginView.swift */ = {isa = PBXFileReference; lastKnownFileType = sourcecode.swift; path = LoginView.swift; sourceTree = "<group>"; };
		A39A986022743FF60067026D /* HistoryView.xib */ = {isa = PBXFileReference; lastKnownFileType = file.xib; path = HistoryView.xib; sourceTree = "<group>"; };
		A3F9CD31227446470064F401 /* ModifyView.swift */ = {isa = PBXFileReference; lastKnownFileType = sourcecode.swift; path = ModifyView.swift; sourceTree = "<group>"; };
		A3F9CD3B2274C79E0064F401 /* StaffView.swift */ = {isa = PBXFileReference; lastKnownFileType = sourcecode.swift; path = StaffView.swift; sourceTree = "<group>"; };
		A3F9CD3F2274F02A0064F401 /* HistoryView.swift */ = {isa = PBXFileReference; lastKnownFileType = sourcecode.swift; path = HistoryView.swift; sourceTree = "<group>"; };
/* End PBXFileReference section */

/* Begin PBXFrameworksBuildPhase section */
		A39A982222741D0D0067026D /* Frameworks */ = {
			isa = PBXFrameworksBuildPhase;
			buildActionMask = 2147483647;
			files = (
				4C99AA7122751965003AC673 /* SQLite.framework in Frameworks */,
				4C99AA7022751960003AC673 /* SQLite.framework in Frameworks */,
			);
			runOnlyForDeploymentPostprocessing = 0;
		};
		A39A983622741D0E0067026D /* Frameworks */ = {
			isa = PBXFrameworksBuildPhase;
			buildActionMask = 2147483647;
			files = (
			);
			runOnlyForDeploymentPostprocessing = 0;
		};
		A39A984122741D0E0067026D /* Frameworks */ = {
			isa = PBXFrameworksBuildPhase;
			buildActionMask = 2147483647;
			files = (
			);
			runOnlyForDeploymentPostprocessing = 0;
		};
/* End PBXFrameworksBuildPhase section */

/* Begin PBXGroup section */
		4C99A90C2274FC5C003AC673 /* Service */ = {
			isa = PBXGroup;
			children = (
				4C99A90F2274FC93003AC673 /* Sqlite.swift */,
			);
			path = Service;
			sourceTree = "<group>";
		};
		4C99A9292274FDE9003AC673 /* Frameworks */ = {
			isa = PBXGroup;
			children = (
				4C99A990227518F1003AC673 /* SQLite.xcodeproj */,
				4C99A978227518EE003AC673 /* SQLite.xcodeproj */,
				4C99A960227518BF003AC673 /* SQLite.xcodeproj */,
				4C99A94822751895003AC673 /* SQLite.xcodeproj */,
				4C99A93022751889003AC673 /* SQLite.xcodeproj */,
			);
			name = Frameworks;
			sourceTree = "<group>";
		};
		4C99A93122751889003AC673 /* Products */ = {
			isa = PBXGroup;
			children = (
				4C99A93B22751889003AC673 /* SQLite.framework */,
				4C99A93D22751889003AC673 /* SQLiteTests iOS.xctest */,
				4C99A93F22751889003AC673 /* SQLite.framework */,
				4C99A94122751889003AC673 /* SQLiteTests Mac.xctest */,
				4C99A94322751889003AC673 /* SQLite.framework */,
				4C99A94522751889003AC673 /* SQLiteTests tvOS.xctest */,
				4C99A94722751889003AC673 /* SQLite.framework */,
			);
			name = Products;
			sourceTree = "<group>";
		};
		4C99A94922751895003AC673 /* Products */ = {
			isa = PBXGroup;
			children = (
				4C99A95322751895003AC673 /* SQLite.framework */,
				4C99A95522751895003AC673 /* SQLiteTests iOS.xctest */,
				4C99A95722751895003AC673 /* SQLite.framework */,
				4C99A95922751895003AC673 /* SQLiteTests Mac.xctest */,
				4C99A95B22751895003AC673 /* SQLite.framework */,
				4C99A95D22751895003AC673 /* SQLiteTests tvOS.xctest */,
				4C99A95F22751895003AC673 /* SQLite.framework */,
			);
			name = Products;
			sourceTree = "<group>";
		};
		4C99A961227518BF003AC673 /* Products */ = {
			isa = PBXGroup;
			children = (
				4C99A96B227518BF003AC673 /* SQLite.framework */,
				4C99A96D227518BF003AC673 /* SQLiteTests iOS.xctest */,
				4C99A96F227518BF003AC673 /* SQLite.framework */,
				4C99A971227518BF003AC673 /* SQLiteTests Mac.xctest */,
				4C99A973227518BF003AC673 /* SQLite.framework */,
				4C99A975227518BF003AC673 /* SQLiteTests tvOS.xctest */,
				4C99A977227518BF003AC673 /* SQLite.framework */,
			);
			name = Products;
			sourceTree = "<group>";
		};
		4C99A979227518EE003AC673 /* Products */ = {
			isa = PBXGroup;
			children = (
				4C99A983227518EE003AC673 /* SQLite.framework */,
				4C99A985227518EE003AC673 /* SQLiteTests iOS.xctest */,
				4C99A987227518EE003AC673 /* SQLite.framework */,
				4C99A989227518EE003AC673 /* SQLiteTests Mac.xctest */,
				4C99A98B227518EE003AC673 /* SQLite.framework */,
				4C99A98D227518EE003AC673 /* SQLiteTests tvOS.xctest */,
				4C99A98F227518EE003AC673 /* SQLite.framework */,
			);
			name = Products;
			sourceTree = "<group>";
		};
		4C99A991227518F1003AC673 /* Products */ = {
			isa = PBXGroup;
			children = (
				4C99A99B227518F1003AC673 /* SQLite.framework */,
				4C99A99D227518F1003AC673 /* SQLiteTests iOS.xctest */,
				4C99A99F227518F1003AC673 /* SQLite.framework */,
				4C99A9A1227518F1003AC673 /* SQLiteTests Mac.xctest */,
				4C99A9A3227518F1003AC673 /* SQLite.framework */,
				4C99A9A5227518F1003AC673 /* SQLiteTests tvOS.xctest */,
				4C99A9A7227518F1003AC673 /* SQLite.framework */,
			);
			name = Products;
			sourceTree = "<group>";
		};
		4C99A9A9227518F8003AC673 /* Products */ = {
			isa = PBXGroup;
			children = (
				4C99A9B3227518F8003AC673 /* SQLite.framework */,
				4C99A9B5227518F8003AC673 /* SQLiteTests iOS.xctest */,
				4C99A9B7227518F8003AC673 /* SQLite.framework */,
				4C99A9B9227518F8003AC673 /* SQLiteTests Mac.xctest */,
				4C99A9BB227518F8003AC673 /* SQLite.framework */,
				4C99A9BD227518F8003AC673 /* SQLiteTests tvOS.xctest */,
				4C99A9BF227518F8003AC673 /* SQLite.framework */,
			);
			name = Products;
			sourceTree = "<group>";
		};
		4C99A9C122751926003AC673 /* Products */ = {
			isa = PBXGroup;
			children = (
				4C99A9CB22751926003AC673 /* SQLite.framework */,
				4C99A9CD22751926003AC673 /* SQLiteTests iOS.xctest */,
				4C99A9CF22751926003AC673 /* SQLite.framework */,
				4C99A9D122751926003AC673 /* SQLiteTests Mac.xctest */,
				4C99A9D322751926003AC673 /* SQLite.framework */,
				4C99A9D522751926003AC673 /* SQLiteTests tvOS.xctest */,
				4C99A9D722751926003AC673 /* SQLite.framework */,
			);
			name = Products;
			sourceTree = "<group>";
		};
		4C99A9E022751935003AC673 /* Products */ = {
			isa = PBXGroup;
			children = (
				4C99AA1422751935003AC673 /* SQLite.framework */,
				4C99AA1622751935003AC673 /* SQLiteTests iOS.xctest */,
				4C99AA1822751935003AC673 /* SQLite.framework */,
				4C99AA1A22751935003AC673 /* SQLiteTests Mac.xctest */,
				4C99AA1C22751935003AC673 /* SQLite.framework */,
				4C99AA1E22751935003AC673 /* SQLiteTests tvOS.xctest */,
				4C99AA2022751935003AC673 /* SQLite.framework */,
			);
			name = Products;
			sourceTree = "<group>";
		};
		4C99AA2922751938003AC673 /* Products */ = {
			isa = PBXGroup;
			children = (
				4C99AA3322751938003AC673 /* SQLite.framework */,
				4C99AA3522751938003AC673 /* SQLiteTests iOS.xctest */,
				4C99AA3722751938003AC673 /* SQLite.framework */,
				4C99AA3922751938003AC673 /* SQLiteTests Mac.xctest */,
				4C99AA3B22751938003AC673 /* SQLite.framework */,
				4C99AA3D22751938003AC673 /* SQLiteTests tvOS.xctest */,
				4C99AA3F22751938003AC673 /* SQLite.framework */,
			);
			name = Products;
			sourceTree = "<group>";
		};
		4C99AA412275193B003AC673 /* Products */ = {
			isa = PBXGroup;
			children = (
				4C99AA4B2275193B003AC673 /* SQLite.framework */,
				4C99AA4D2275193B003AC673 /* SQLiteTests iOS.xctest */,
				4C99AA4F2275193B003AC673 /* SQLite.framework */,
				4C99AA512275193B003AC673 /* SQLiteTests Mac.xctest */,
				4C99AA532275193B003AC673 /* SQLite.framework */,
				4C99AA552275193B003AC673 /* SQLiteTests tvOS.xctest */,
				4C99AA572275193B003AC673 /* SQLite.framework */,
			);
			name = Products;
			sourceTree = "<group>";
		};
		4C99AA5922751954003AC673 /* Products */ = {
			isa = PBXGroup;
			children = (
				4C99AA6322751954003AC673 /* SQLite.framework */,
				4C99AA6522751954003AC673 /* SQLiteTests iOS.xctest */,
				4C99AA6722751954003AC673 /* SQLite.framework */,
				4C99AA6922751954003AC673 /* SQLiteTests Mac.xctest */,
				4C99AA6B22751954003AC673 /* SQLite.framework */,
				4C99AA6D22751954003AC673 /* SQLiteTests tvOS.xctest */,
				4C99AA6F22751954003AC673 /* SQLite.framework */,
			);
			name = Products;
			sourceTree = "<group>";
		};
		4C99AA762275196A003AC673 /* Products */ = {
			isa = PBXGroup;
			children = (
				4C99AA802275196A003AC673 /* SQLite.framework */,
				4C99AA822275196A003AC673 /* SQLiteTests iOS.xctest */,
				4C99AA842275196A003AC673 /* SQLite.framework */,
				4C99AA862275196A003AC673 /* SQLiteTests Mac.xctest */,
				4C99AA882275196A003AC673 /* SQLite.framework */,
				4C99AA8A2275196A003AC673 /* SQLiteTests tvOS.xctest */,
				4C99AA8C2275196A003AC673 /* SQLite.framework */,
			);
			name = Products;
			sourceTree = "<group>";
		};
		4C99AA8E2275197C003AC673 /* Products */ = {
			isa = PBXGroup;
			children = (
				4C99AA982275197C003AC673 /* SQLite.framework */,
				4C99AA9A2275197C003AC673 /* SQLiteTests iOS.xctest */,
				4C99AA9C2275197C003AC673 /* SQLite.framework */,
				4C99AA9E2275197C003AC673 /* SQLiteTests Mac.xctest */,
				4C99AAA02275197C003AC673 /* SQLite.framework */,
				4C99AAA22275197C003AC673 /* SQLiteTests tvOS.xctest */,
				4C99AAA42275197C003AC673 /* SQLite.framework */,
			);
			name = Products;
			sourceTree = "<group>";
		};
		A39A981C22741D0D0067026D = {
			isa = PBXGroup;
			children = (
				4C99A9A8227518F8003AC673 /* SQLite.xcodeproj */,
				4C99A9C022751926003AC673 /* SQLite.xcodeproj */,
				4C99A9DF22751935003AC673 /* SQLite.xcodeproj */,
				4C99AA2822751938003AC673 /* SQLite.xcodeproj */,
				4C99AA402275193B003AC673 /* SQLite.xcodeproj */,
				4C99AA5822751954003AC673 /* SQLite.xcodeproj */,
				4C99AA752275196A003AC673 /* SQLite.xcodeproj */,
				4C99AA8D2275197C003AC673 /* SQLite.xcodeproj */,
				4C99A90C2274FC5C003AC673 /* Service */,
				A39A985F22743EEA0067026D /* CustomCell */,
				A39A985822742CDA0067026D /* View Controller */,
				A39A982722741D0D0067026D /* HIV Alliance */,
				A39A983C22741D0E0067026D /* HIV AllianceTests */,
				A39A984722741D0E0067026D /* HIV AllianceUITests */,
				A39A982622741D0D0067026D /* Products */,
				4C99A9292274FDE9003AC673 /* Frameworks */,
			);
			sourceTree = "<group>";
		};
		A39A982622741D0D0067026D /* Products */ = {
			isa = PBXGroup;
			children = (
				A39A982522741D0D0067026D /* HIV Alliance.app */,
				A39A983922741D0E0067026D /* HIV AllianceTests.xctest */,
				A39A984422741D0E0067026D /* HIV AllianceUITests.xctest */,
			);
			name = Products;
			sourceTree = "<group>";
		};
		A39A982722741D0D0067026D /* HIV Alliance */ = {
			isa = PBXGroup;
			children = (
				A39A982822741D0D0067026D /* AppDelegate.swift */,
				A39A982C22741D0D0067026D /* Main.storyboard */,
				A39A982F22741D0E0067026D /* Assets.xcassets */,
				A39A983122741D0E0067026D /* LaunchScreen.storyboard */,
				A39A983422741D0E0067026D /* Info.plist */,
			);
			path = "HIV Alliance";
			sourceTree = "<group>";
		};
		A39A983C22741D0E0067026D /* HIV AllianceTests */ = {
			isa = PBXGroup;
			children = (
				A39A983D22741D0E0067026D /* HIV_AllianceTests.swift */,
				A39A983F22741D0E0067026D /* Info.plist */,
			);
			path = "HIV AllianceTests";
			sourceTree = "<group>";
		};
		A39A984722741D0E0067026D /* HIV AllianceUITests */ = {
			isa = PBXGroup;
			children = (
				A39A984822741D0E0067026D /* HIV_AllianceUITests.swift */,
				A39A984A22741D0E0067026D /* Info.plist */,
			);
			path = "HIV AllianceUITests";
			sourceTree = "<group>";
		};
		A39A985822742CDA0067026D /* View Controller */ = {
			isa = PBXGroup;
			children = (
				A39A985B227435500067026D /* HomeView.swift */,
				A39A985D22743C480067026D /* LoginView.swift */,
				A3F9CD31227446470064F401 /* ModifyView.swift */,
				A3F9CD3B2274C79E0064F401 /* StaffView.swift */,
				A3F9CD3F2274F02A0064F401 /* HistoryView.swift */,
				A30A92DF2274F27900580C13 /* StaffInforView.swift */,
				A30A92E12274F2B500580C13 /* PersonalVIew.swift */,
				A30A92E32274F2C800580C13 /* TestingView.swift */,
				A30A92E52274F2D700580C13 /* SupplementView.swift */,
				A30A92E92274F2F600580C13 /* InventoryView.swift */,
			);
			path = "View Controller";
			sourceTree = "<group>";
		};
		A39A985F22743EEA0067026D /* CustomCell */ = {
			isa = PBXGroup;
			children = (
				A39A986022743FF60067026D /* HistoryView.xib */,
			);
			path = CustomCell;
			sourceTree = "<group>";
		};
/* End PBXGroup section */

/* Begin PBXNativeTarget section */
		A39A982422741D0D0067026D /* HIV Alliance */ = {
			isa = PBXNativeTarget;
			buildConfigurationList = A39A984D22741D0E0067026D /* Build configuration list for PBXNativeTarget "HIV Alliance" */;
			buildPhases = (
				A39A982122741D0D0067026D /* Sources */,
				A39A982222741D0D0067026D /* Frameworks */,
				A39A982322741D0D0067026D /* Resources */,
				4C99A92F2274FDF8003AC673 /* Embed Frameworks */,
			);
			buildRules = (
			);
			dependencies = (
				4C99AA7422751965003AC673 /* PBXTargetDependency */,
			);
			name = "HIV Alliance";
			productName = "HIV Alliance";
			productReference = A39A982522741D0D0067026D /* HIV Alliance.app */;
			productType = "com.apple.product-type.application";
		};
		A39A983822741D0E0067026D /* HIV AllianceTests */ = {
			isa = PBXNativeTarget;
			buildConfigurationList = A39A985022741D0E0067026D /* Build configuration list for PBXNativeTarget "HIV AllianceTests" */;
			buildPhases = (
				A39A983522741D0E0067026D /* Sources */,
				A39A983622741D0E0067026D /* Frameworks */,
				A39A983722741D0E0067026D /* Resources */,
			);
			buildRules = (
			);
			dependencies = (
				A39A983B22741D0E0067026D /* PBXTargetDependency */,
			);
			name = "HIV AllianceTests";
			productName = "HIV AllianceTests";
			productReference = A39A983922741D0E0067026D /* HIV AllianceTests.xctest */;
			productType = "com.apple.product-type.bundle.unit-test";
		};
		A39A984322741D0E0067026D /* HIV AllianceUITests */ = {
			isa = PBXNativeTarget;
			buildConfigurationList = A39A985322741D0E0067026D /* Build configuration list for PBXNativeTarget "HIV AllianceUITests" */;
			buildPhases = (
				A39A984022741D0E0067026D /* Sources */,
				A39A984122741D0E0067026D /* Frameworks */,
				A39A984222741D0E0067026D /* Resources */,
			);
			buildRules = (
			);
			dependencies = (
				A39A984622741D0E0067026D /* PBXTargetDependency */,
			);
			name = "HIV AllianceUITests";
			productName = "HIV AllianceUITests";
			productReference = A39A984422741D0E0067026D /* HIV AllianceUITests.xctest */;
			productType = "com.apple.product-type.bundle.ui-testing";
		};
/* End PBXNativeTarget section */

/* Begin PBXProject section */
		A39A981D22741D0D0067026D /* Project object */ = {
			isa = PBXProject;
			attributes = {
				LastSwiftUpdateCheck = 1020;
				LastUpgradeCheck = 1020;
				ORGANIZATIONNAME = "Zhijie Chen";
				TargetAttributes = {
					A39A982422741D0D0067026D = {
						CreatedOnToolsVersion = 10.2.1;
					};
					A39A983822741D0E0067026D = {
						CreatedOnToolsVersion = 10.2.1;
						TestTargetID = A39A982422741D0D0067026D;
					};
					A39A984322741D0E0067026D = {
						CreatedOnToolsVersion = 10.2.1;
						TestTargetID = A39A982422741D0D0067026D;
					};
				};
			};
			buildConfigurationList = A39A982022741D0D0067026D /* Build configuration list for PBXProject "HIV Alliance" */;
			compatibilityVersion = "Xcode 9.3";
			developmentRegion = en;
			hasScannedForEncodings = 0;
			knownRegions = (
				en,
				Base,
			);
			mainGroup = A39A981C22741D0D0067026D;
			productRefGroup = A39A982622741D0D0067026D /* Products */;
			projectDirPath = "";
			projectReferences = (
				{
					ProductGroup = 4C99AA8E2275197C003AC673 /* Products */;
					ProjectRef = 4C99AA8D2275197C003AC673 /* SQLite.xcodeproj */;
				},
				{
					ProductGroup = 4C99A979227518EE003AC673 /* Products */;
					ProjectRef = 4C99A978227518EE003AC673 /* SQLite.xcodeproj */;
				},
				{
					ProductGroup = 4C99A961227518BF003AC673 /* Products */;
					ProjectRef = 4C99A960227518BF003AC673 /* SQLite.xcodeproj */;
				},
				{
					ProductGroup = 4C99AA2922751938003AC673 /* Products */;
					ProjectRef = 4C99AA2822751938003AC673 /* SQLite.xcodeproj */;
				},
				{
					ProductGroup = 4C99A991227518F1003AC673 /* Products */;
					ProjectRef = 4C99A990227518F1003AC673 /* SQLite.xcodeproj */;
				},
				{
					ProductGroup = 4C99AA762275196A003AC673 /* Products */;
					ProjectRef = 4C99AA752275196A003AC673 /* SQLite.xcodeproj */;
				},
				{
					ProductGroup = 4C99A9C122751926003AC673 /* Products */;
					ProjectRef = 4C99A9C022751926003AC673 /* SQLite.xcodeproj */;
				},
				{
					ProductGroup = 4C99AA5922751954003AC673 /* Products */;
					ProjectRef = 4C99AA5822751954003AC673 /* SQLite.xcodeproj */;
				},
				{
					ProductGroup = 4C99AA412275193B003AC673 /* Products */;
					ProjectRef = 4C99AA402275193B003AC673 /* SQLite.xcodeproj */;
				},
				{
					ProductGroup = 4C99A93122751889003AC673 /* Products */;
					ProjectRef = 4C99A93022751889003AC673 /* SQLite.xcodeproj */;
				},
				{
					ProductGroup = 4C99A94922751895003AC673 /* Products */;
					ProjectRef = 4C99A94822751895003AC673 /* SQLite.xcodeproj */;
				},
				{
					ProductGroup = 4C99A9E022751935003AC673 /* Products */;
					ProjectRef = 4C99A9DF22751935003AC673 /* SQLite.xcodeproj */;
				},
				{
					ProductGroup = 4C99A9A9227518F8003AC673 /* Products */;
					ProjectRef = 4C99A9A8227518F8003AC673 /* SQLite.xcodeproj */;
				},
			);
			projectRoot = "";
			targets = (
				A39A982422741D0D0067026D /* HIV Alliance */,
				A39A983822741D0E0067026D /* HIV AllianceTests */,
				A39A984322741D0E0067026D /* HIV AllianceUITests */,
			);
		};
/* End PBXProject section */

/* Begin PBXReferenceProxy section */
		4C99A93B22751889003AC673 /* SQLite.framework */ = {
			isa = PBXReferenceProxy;
			fileType = wrapper.framework;
			path = SQLite.framework;
			remoteRef = 4C99A93A22751889003AC673 /* PBXContainerItemProxy */;
			sourceTree = BUILT_PRODUCTS_DIR;
		};
		4C99A93D22751889003AC673 /* SQLiteTests iOS.xctest */ = {
			isa = PBXReferenceProxy;
			fileType = wrapper.cfbundle;
			path = "SQLiteTests iOS.xctest";
			remoteRef = 4C99A93C22751889003AC673 /* PBXContainerItemProxy */;
			sourceTree = BUILT_PRODUCTS_DIR;
		};
		4C99A93F22751889003AC673 /* SQLite.framework */ = {
			isa = PBXReferenceProxy;
			fileType = wrapper.framework;
			path = SQLite.framework;
			remoteRef = 4C99A93E22751889003AC673 /* PBXContainerItemProxy */;
			sourceTree = BUILT_PRODUCTS_DIR;
		};
		4C99A94122751889003AC673 /* SQLiteTests Mac.xctest */ = {
			isa = PBXReferenceProxy;
			fileType = wrapper.cfbundle;
			path = "SQLiteTests Mac.xctest";
			remoteRef = 4C99A94022751889003AC673 /* PBXContainerItemProxy */;
			sourceTree = BUILT_PRODUCTS_DIR;
		};
		4C99A94322751889003AC673 /* SQLite.framework */ = {
			isa = PBXReferenceProxy;
			fileType = wrapper.framework;
			path = SQLite.framework;
			remoteRef = 4C99A94222751889003AC673 /* PBXContainerItemProxy */;
			sourceTree = BUILT_PRODUCTS_DIR;
		};
		4C99A94522751889003AC673 /* SQLiteTests tvOS.xctest */ = {
			isa = PBXReferenceProxy;
			fileType = wrapper.cfbundle;
			path = "SQLiteTests tvOS.xctest";
			remoteRef = 4C99A94422751889003AC673 /* PBXContainerItemProxy */;
			sourceTree = BUILT_PRODUCTS_DIR;
		};
		4C99A94722751889003AC673 /* SQLite.framework */ = {
			isa = PBXReferenceProxy;
			fileType = wrapper.framework;
			path = SQLite.framework;
			remoteRef = 4C99A94622751889003AC673 /* PBXContainerItemProxy */;
			sourceTree = BUILT_PRODUCTS_DIR;
		};
		4C99A95322751895003AC673 /* SQLite.framework */ = {
			isa = PBXReferenceProxy;
			fileType = wrapper.framework;
			path = SQLite.framework;
			remoteRef = 4C99A95222751895003AC673 /* PBXContainerItemProxy */;
			sourceTree = BUILT_PRODUCTS_DIR;
		};
		4C99A95522751895003AC673 /* SQLiteTests iOS.xctest */ = {
			isa = PBXReferenceProxy;
			fileType = wrapper.cfbundle;
			path = "SQLiteTests iOS.xctest";
			remoteRef = 4C99A95422751895003AC673 /* PBXContainerItemProxy */;
			sourceTree = BUILT_PRODUCTS_DIR;
		};
		4C99A95722751895003AC673 /* SQLite.framework */ = {
			isa = PBXReferenceProxy;
			fileType = wrapper.framework;
			path = SQLite.framework;
			remoteRef = 4C99A95622751895003AC673 /* PBXContainerItemProxy */;
			sourceTree = BUILT_PRODUCTS_DIR;
		};
		4C99A95922751895003AC673 /* SQLiteTests Mac.xctest */ = {
			isa = PBXReferenceProxy;
			fileType = wrapper.cfbundle;
			path = "SQLiteTests Mac.xctest";
			remoteRef = 4C99A95822751895003AC673 /* PBXContainerItemProxy */;
			sourceTree = BUILT_PRODUCTS_DIR;
		};
		4C99A95B22751895003AC673 /* SQLite.framework */ = {
			isa = PBXReferenceProxy;
			fileType = wrapper.framework;
			path = SQLite.framework;
			remoteRef = 4C99A95A22751895003AC673 /* PBXContainerItemProxy */;
			sourceTree = BUILT_PRODUCTS_DIR;
		};
		4C99A95D22751895003AC673 /* SQLiteTests tvOS.xctest */ = {
			isa = PBXReferenceProxy;
			fileType = wrapper.cfbundle;
			path = "SQLiteTests tvOS.xctest";
			remoteRef = 4C99A95C22751895003AC673 /* PBXContainerItemProxy */;
			sourceTree = BUILT_PRODUCTS_DIR;
		};
		4C99A95F22751895003AC673 /* SQLite.framework */ = {
			isa = PBXReferenceProxy;
			fileType = wrapper.framework;
			path = SQLite.framework;
			remoteRef = 4C99A95E22751895003AC673 /* PBXContainerItemProxy */;
			sourceTree = BUILT_PRODUCTS_DIR;
		};
		4C99A96B227518BF003AC673 /* SQLite.framework */ = {
			isa = PBXReferenceProxy;
			fileType = wrapper.framework;
			path = SQLite.framework;
			remoteRef = 4C99A96A227518BF003AC673 /* PBXContainerItemProxy */;
			sourceTree = BUILT_PRODUCTS_DIR;
		};
		4C99A96D227518BF003AC673 /* SQLiteTests iOS.xctest */ = {
			isa = PBXReferenceProxy;
			fileType = wrapper.cfbundle;
			path = "SQLiteTests iOS.xctest";
			remoteRef = 4C99A96C227518BF003AC673 /* PBXContainerItemProxy */;
			sourceTree = BUILT_PRODUCTS_DIR;
		};
		4C99A96F227518BF003AC673 /* SQLite.framework */ = {
			isa = PBXReferenceProxy;
			fileType = wrapper.framework;
			path = SQLite.framework;
			remoteRef = 4C99A96E227518BF003AC673 /* PBXContainerItemProxy */;
			sourceTree = BUILT_PRODUCTS_DIR;
		};
		4C99A971227518BF003AC673 /* SQLiteTests Mac.xctest */ = {
			isa = PBXReferenceProxy;
			fileType = wrapper.cfbundle;
			path = "SQLiteTests Mac.xctest";
			remoteRef = 4C99A970227518BF003AC673 /* PBXContainerItemProxy */;
			sourceTree = BUILT_PRODUCTS_DIR;
		};
		4C99A973227518BF003AC673 /* SQLite.framework */ = {
			isa = PBXReferenceProxy;
			fileType = wrapper.framework;
			path = SQLite.framework;
			remoteRef = 4C99A972227518BF003AC673 /* PBXContainerItemProxy */;
			sourceTree = BUILT_PRODUCTS_DIR;
		};
		4C99A975227518BF003AC673 /* SQLiteTests tvOS.xctest */ = {
			isa = PBXReferenceProxy;
			fileType = wrapper.cfbundle;
			path = "SQLiteTests tvOS.xctest";
			remoteRef = 4C99A974227518BF003AC673 /* PBXContainerItemProxy */;
			sourceTree = BUILT_PRODUCTS_DIR;
		};
		4C99A977227518BF003AC673 /* SQLite.framework */ = {
			isa = PBXReferenceProxy;
			fileType = wrapper.framework;
			path = SQLite.framework;
			remoteRef = 4C99A976227518BF003AC673 /* PBXContainerItemProxy */;
			sourceTree = BUILT_PRODUCTS_DIR;
		};
		4C99A983227518EE003AC673 /* SQLite.framework */ = {
			isa = PBXReferenceProxy;
			fileType = wrapper.framework;
			path = SQLite.framework;
			remoteRef = 4C99A982227518EE003AC673 /* PBXContainerItemProxy */;
			sourceTree = BUILT_PRODUCTS_DIR;
		};
		4C99A985227518EE003AC673 /* SQLiteTests iOS.xctest */ = {
			isa = PBXReferenceProxy;
			fileType = wrapper.cfbundle;
			path = "SQLiteTests iOS.xctest";
			remoteRef = 4C99A984227518EE003AC673 /* PBXContainerItemProxy */;
			sourceTree = BUILT_PRODUCTS_DIR;
		};
		4C99A987227518EE003AC673 /* SQLite.framework */ = {
			isa = PBXReferenceProxy;
			fileType = wrapper.framework;
			path = SQLite.framework;
			remoteRef = 4C99A986227518EE003AC673 /* PBXContainerItemProxy */;
			sourceTree = BUILT_PRODUCTS_DIR;
		};
		4C99A989227518EE003AC673 /* SQLiteTests Mac.xctest */ = {
			isa = PBXReferenceProxy;
			fileType = wrapper.cfbundle;
			path = "SQLiteTests Mac.xctest";
			remoteRef = 4C99A988227518EE003AC673 /* PBXContainerItemProxy */;
			sourceTree = BUILT_PRODUCTS_DIR;
		};
		4C99A98B227518EE003AC673 /* SQLite.framework */ = {
			isa = PBXReferenceProxy;
			fileType = wrapper.framework;
			path = SQLite.framework;
			remoteRef = 4C99A98A227518EE003AC673 /* PBXContainerItemProxy */;
			sourceTree = BUILT_PRODUCTS_DIR;
		};
		4C99A98D227518EE003AC673 /* SQLiteTests tvOS.xctest */ = {
			isa = PBXReferenceProxy;
			fileType = wrapper.cfbundle;
			path = "SQLiteTests tvOS.xctest";
			remoteRef = 4C99A98C227518EE003AC673 /* PBXContainerItemProxy */;
			sourceTree = BUILT_PRODUCTS_DIR;
		};
		4C99A98F227518EE003AC673 /* SQLite.framework */ = {
			isa = PBXReferenceProxy;
			fileType = wrapper.framework;
			path = SQLite.framework;
			remoteRef = 4C99A98E227518EE003AC673 /* PBXContainerItemProxy */;
			sourceTree = BUILT_PRODUCTS_DIR;
		};
		4C99A99B227518F1003AC673 /* SQLite.framework */ = {
			isa = PBXReferenceProxy;
			fileType = wrapper.framework;
			path = SQLite.framework;
			remoteRef = 4C99A99A227518F1003AC673 /* PBXContainerItemProxy */;
			sourceTree = BUILT_PRODUCTS_DIR;
		};
		4C99A99D227518F1003AC673 /* SQLiteTests iOS.xctest */ = {
			isa = PBXReferenceProxy;
			fileType = wrapper.cfbundle;
			path = "SQLiteTests iOS.xctest";
			remoteRef = 4C99A99C227518F1003AC673 /* PBXContainerItemProxy */;
			sourceTree = BUILT_PRODUCTS_DIR;
		};
		4C99A99F227518F1003AC673 /* SQLite.framework */ = {
			isa = PBXReferenceProxy;
			fileType = wrapper.framework;
			path = SQLite.framework;
			remoteRef = 4C99A99E227518F1003AC673 /* PBXContainerItemProxy */;
			sourceTree = BUILT_PRODUCTS_DIR;
		};
		4C99A9A1227518F1003AC673 /* SQLiteTests Mac.xctest */ = {
			isa = PBXReferenceProxy;
			fileType = wrapper.cfbundle;
			path = "SQLiteTests Mac.xctest";
			remoteRef = 4C99A9A0227518F1003AC673 /* PBXContainerItemProxy */;
			sourceTree = BUILT_PRODUCTS_DIR;
		};
		4C99A9A3227518F1003AC673 /* SQLite.framework */ = {
			isa = PBXReferenceProxy;
			fileType = wrapper.framework;
			path = SQLite.framework;
			remoteRef = 4C99A9A2227518F1003AC673 /* PBXContainerItemProxy */;
			sourceTree = BUILT_PRODUCTS_DIR;
		};
		4C99A9A5227518F1003AC673 /* SQLiteTests tvOS.xctest */ = {
			isa = PBXReferenceProxy;
			fileType = wrapper.cfbundle;
			path = "SQLiteTests tvOS.xctest";
			remoteRef = 4C99A9A4227518F1003AC673 /* PBXContainerItemProxy */;
			sourceTree = BUILT_PRODUCTS_DIR;
		};
		4C99A9A7227518F1003AC673 /* SQLite.framework */ = {
			isa = PBXReferenceProxy;
			fileType = wrapper.framework;
			path = SQLite.framework;
			remoteRef = 4C99A9A6227518F1003AC673 /* PBXContainerItemProxy */;
			sourceTree = BUILT_PRODUCTS_DIR;
		};
		4C99A9B3227518F8003AC673 /* SQLite.framework */ = {
			isa = PBXReferenceProxy;
			fileType = wrapper.framework;
			path = SQLite.framework;
			remoteRef = 4C99A9B2227518F8003AC673 /* PBXContainerItemProxy */;
			sourceTree = BUILT_PRODUCTS_DIR;
		};
		4C99A9B5227518F8003AC673 /* SQLiteTests iOS.xctest */ = {
			isa = PBXReferenceProxy;
			fileType = wrapper.cfbundle;
			path = "SQLiteTests iOS.xctest";
			remoteRef = 4C99A9B4227518F8003AC673 /* PBXContainerItemProxy */;
			sourceTree = BUILT_PRODUCTS_DIR;
		};
		4C99A9B7227518F8003AC673 /* SQLite.framework */ = {
			isa = PBXReferenceProxy;
			fileType = wrapper.framework;
			path = SQLite.framework;
			remoteRef = 4C99A9B6227518F8003AC673 /* PBXContainerItemProxy */;
			sourceTree = BUILT_PRODUCTS_DIR;
		};
		4C99A9B9227518F8003AC673 /* SQLiteTests Mac.xctest */ = {
			isa = PBXReferenceProxy;
			fileType = wrapper.cfbundle;
			path = "SQLiteTests Mac.xctest";
			remoteRef = 4C99A9B8227518F8003AC673 /* PBXContainerItemProxy */;
			sourceTree = BUILT_PRODUCTS_DIR;
		};
		4C99A9BB227518F8003AC673 /* SQLite.framework */ = {
			isa = PBXReferenceProxy;
			fileType = wrapper.framework;
			path = SQLite.framework;
			remoteRef = 4C99A9BA227518F8003AC673 /* PBXContainerItemProxy */;
			sourceTree = BUILT_PRODUCTS_DIR;
		};
		4C99A9BD227518F8003AC673 /* SQLiteTests tvOS.xctest */ = {
			isa = PBXReferenceProxy;
			fileType = wrapper.cfbundle;
			path = "SQLiteTests tvOS.xctest";
			remoteRef = 4C99A9BC227518F8003AC673 /* PBXContainerItemProxy */;
			sourceTree = BUILT_PRODUCTS_DIR;
		};
		4C99A9BF227518F8003AC673 /* SQLite.framework */ = {
			isa = PBXReferenceProxy;
			fileType = wrapper.framework;
			path = SQLite.framework;
			remoteRef = 4C99A9BE227518F8003AC673 /* PBXContainerItemProxy */;
			sourceTree = BUILT_PRODUCTS_DIR;
		};
		4C99A9CB22751926003AC673 /* SQLite.framework */ = {
			isa = PBXReferenceProxy;
			fileType = wrapper.framework;
			path = SQLite.framework;
			remoteRef = 4C99A9CA22751926003AC673 /* PBXContainerItemProxy */;
			sourceTree = BUILT_PRODUCTS_DIR;
		};
		4C99A9CD22751926003AC673 /* SQLiteTests iOS.xctest */ = {
			isa = PBXReferenceProxy;
			fileType = wrapper.cfbundle;
			path = "SQLiteTests iOS.xctest";
			remoteRef = 4C99A9CC22751926003AC673 /* PBXContainerItemProxy */;
			sourceTree = BUILT_PRODUCTS_DIR;
		};
		4C99A9CF22751926003AC673 /* SQLite.framework */ = {
			isa = PBXReferenceProxy;
			fileType = wrapper.framework;
			path = SQLite.framework;
			remoteRef = 4C99A9CE22751926003AC673 /* PBXContainerItemProxy */;
			sourceTree = BUILT_PRODUCTS_DIR;
		};
		4C99A9D122751926003AC673 /* SQLiteTests Mac.xctest */ = {
			isa = PBXReferenceProxy;
			fileType = wrapper.cfbundle;
			path = "SQLiteTests Mac.xctest";
			remoteRef = 4C99A9D022751926003AC673 /* PBXContainerItemProxy */;
			sourceTree = BUILT_PRODUCTS_DIR;
		};
		4C99A9D322751926003AC673 /* SQLite.framework */ = {
			isa = PBXReferenceProxy;
			fileType = wrapper.framework;
			path = SQLite.framework;
			remoteRef = 4C99A9D222751926003AC673 /* PBXContainerItemProxy */;
			sourceTree = BUILT_PRODUCTS_DIR;
		};
		4C99A9D522751926003AC673 /* SQLiteTests tvOS.xctest */ = {
			isa = PBXReferenceProxy;
			fileType = wrapper.cfbundle;
			path = "SQLiteTests tvOS.xctest";
			remoteRef = 4C99A9D422751926003AC673 /* PBXContainerItemProxy */;
			sourceTree = BUILT_PRODUCTS_DIR;
		};
		4C99A9D722751926003AC673 /* SQLite.framework */ = {
			isa = PBXReferenceProxy;
			fileType = wrapper.framework;
			path = SQLite.framework;
			remoteRef = 4C99A9D622751926003AC673 /* PBXContainerItemProxy */;
			sourceTree = BUILT_PRODUCTS_DIR;
		};
		4C99AA1422751935003AC673 /* SQLite.framework */ = {
			isa = PBXReferenceProxy;
			fileType = wrapper.framework;
			path = SQLite.framework;
			remoteRef = 4C99AA1322751935003AC673 /* PBXContainerItemProxy */;
			sourceTree = BUILT_PRODUCTS_DIR;
		};
		4C99AA1622751935003AC673 /* SQLiteTests iOS.xctest */ = {
			isa = PBXReferenceProxy;
			fileType = wrapper.cfbundle;
			path = "SQLiteTests iOS.xctest";
			remoteRef = 4C99AA1522751935003AC673 /* PBXContainerItemProxy */;
			sourceTree = BUILT_PRODUCTS_DIR;
		};
		4C99AA1822751935003AC673 /* SQLite.framework */ = {
			isa = PBXReferenceProxy;
			fileType = wrapper.framework;
			path = SQLite.framework;
			remoteRef = 4C99AA1722751935003AC673 /* PBXContainerItemProxy */;
			sourceTree = BUILT_PRODUCTS_DIR;
		};
		4C99AA1A22751935003AC673 /* SQLiteTests Mac.xctest */ = {
			isa = PBXReferenceProxy;
			fileType = wrapper.cfbundle;
			path = "SQLiteTests Mac.xctest";
			remoteRef = 4C99AA1922751935003AC673 /* PBXContainerItemProxy */;
			sourceTree = BUILT_PRODUCTS_DIR;
		};
		4C99AA1C22751935003AC673 /* SQLite.framework */ = {
			isa = PBXReferenceProxy;
			fileType = wrapper.framework;
			path = SQLite.framework;
			remoteRef = 4C99AA1B22751935003AC673 /* PBXContainerItemProxy */;
			sourceTree = BUILT_PRODUCTS_DIR;
		};
		4C99AA1E22751935003AC673 /* SQLiteTests tvOS.xctest */ = {
			isa = PBXReferenceProxy;
			fileType = wrapper.cfbundle;
			path = "SQLiteTests tvOS.xctest";
			remoteRef = 4C99AA1D22751935003AC673 /* PBXContainerItemProxy */;
			sourceTree = BUILT_PRODUCTS_DIR;
		};
		4C99AA2022751935003AC673 /* SQLite.framework */ = {
			isa = PBXReferenceProxy;
			fileType = wrapper.framework;
			path = SQLite.framework;
			remoteRef = 4C99AA1F22751935003AC673 /* PBXContainerItemProxy */;
			sourceTree = BUILT_PRODUCTS_DIR;
		};
		4C99AA3322751938003AC673 /* SQLite.framework */ = {
			isa = PBXReferenceProxy;
			fileType = wrapper.framework;
			path = SQLite.framework;
			remoteRef = 4C99AA3222751938003AC673 /* PBXContainerItemProxy */;
			sourceTree = BUILT_PRODUCTS_DIR;
		};
		4C99AA3522751938003AC673 /* SQLiteTests iOS.xctest */ = {
			isa = PBXReferenceProxy;
			fileType = wrapper.cfbundle;
			path = "SQLiteTests iOS.xctest";
			remoteRef = 4C99AA3422751938003AC673 /* PBXContainerItemProxy */;
			sourceTree = BUILT_PRODUCTS_DIR;
		};
		4C99AA3722751938003AC673 /* SQLite.framework */ = {
			isa = PBXReferenceProxy;
			fileType = wrapper.framework;
			path = SQLite.framework;
			remoteRef = 4C99AA3622751938003AC673 /* PBXContainerItemProxy */;
			sourceTree = BUILT_PRODUCTS_DIR;
		};
		4C99AA3922751938003AC673 /* SQLiteTests Mac.xctest */ = {
			isa = PBXReferenceProxy;
			fileType = wrapper.cfbundle;
			path = "SQLiteTests Mac.xctest";
			remoteRef = 4C99AA3822751938003AC673 /* PBXContainerItemProxy */;
			sourceTree = BUILT_PRODUCTS_DIR;
		};
		4C99AA3B22751938003AC673 /* SQLite.framework */ = {
			isa = PBXReferenceProxy;
			fileType = wrapper.framework;
			path = SQLite.framework;
			remoteRef = 4C99AA3A22751938003AC673 /* PBXContainerItemProxy */;
			sourceTree = BUILT_PRODUCTS_DIR;
		};
		4C99AA3D22751938003AC673 /* SQLiteTests tvOS.xctest */ = {
			isa = PBXReferenceProxy;
			fileType = wrapper.cfbundle;
			path = "SQLiteTests tvOS.xctest";
			remoteRef = 4C99AA3C22751938003AC673 /* PBXContainerItemProxy */;
			sourceTree = BUILT_PRODUCTS_DIR;
		};
		4C99AA3F22751938003AC673 /* SQLite.framework */ = {
			isa = PBXReferenceProxy;
			fileType = wrapper.framework;
			path = SQLite.framework;
			remoteRef = 4C99AA3E22751938003AC673 /* PBXContainerItemProxy */;
			sourceTree = BUILT_PRODUCTS_DIR;
		};
		4C99AA4B2275193B003AC673 /* SQLite.framework */ = {
			isa = PBXReferenceProxy;
			fileType = wrapper.framework;
			path = SQLite.framework;
			remoteRef = 4C99AA4A2275193B003AC673 /* PBXContainerItemProxy */;
			sourceTree = BUILT_PRODUCTS_DIR;
		};
		4C99AA4D2275193B003AC673 /* SQLiteTests iOS.xctest */ = {
			isa = PBXReferenceProxy;
			fileType = wrapper.cfbundle;
			path = "SQLiteTests iOS.xctest";
			remoteRef = 4C99AA4C2275193B003AC673 /* PBXContainerItemProxy */;
			sourceTree = BUILT_PRODUCTS_DIR;
		};
		4C99AA4F2275193B003AC673 /* SQLite.framework */ = {
			isa = PBXReferenceProxy;
			fileType = wrapper.framework;
			path = SQLite.framework;
			remoteRef = 4C99AA4E2275193B003AC673 /* PBXContainerItemProxy */;
			sourceTree = BUILT_PRODUCTS_DIR;
		};
		4C99AA512275193B003AC673 /* SQLiteTests Mac.xctest */ = {
			isa = PBXReferenceProxy;
			fileType = wrapper.cfbundle;
			path = "SQLiteTests Mac.xctest";
			remoteRef = 4C99AA502275193B003AC673 /* PBXContainerItemProxy */;
			sourceTree = BUILT_PRODUCTS_DIR;
		};
		4C99AA532275193B003AC673 /* SQLite.framework */ = {
			isa = PBXReferenceProxy;
			fileType = wrapper.framework;
			path = SQLite.framework;
			remoteRef = 4C99AA522275193B003AC673 /* PBXContainerItemProxy */;
			sourceTree = BUILT_PRODUCTS_DIR;
		};
		4C99AA552275193B003AC673 /* SQLiteTests tvOS.xctest */ = {
			isa = PBXReferenceProxy;
			fileType = wrapper.cfbundle;
			path = "SQLiteTests tvOS.xctest";
			remoteRef = 4C99AA542275193B003AC673 /* PBXContainerItemProxy */;
			sourceTree = BUILT_PRODUCTS_DIR;
		};
		4C99AA572275193B003AC673 /* SQLite.framework */ = {
			isa = PBXReferenceProxy;
			fileType = wrapper.framework;
			path = SQLite.framework;
			remoteRef = 4C99AA562275193B003AC673 /* PBXContainerItemProxy */;
			sourceTree = BUILT_PRODUCTS_DIR;
		};
		4C99AA6322751954003AC673 /* SQLite.framework */ = {
			isa = PBXReferenceProxy;
			fileType = wrapper.framework;
			path = SQLite.framework;
			remoteRef = 4C99AA6222751954003AC673 /* PBXContainerItemProxy */;
			sourceTree = BUILT_PRODUCTS_DIR;
		};
		4C99AA6522751954003AC673 /* SQLiteTests iOS.xctest */ = {
			isa = PBXReferenceProxy;
			fileType = wrapper.cfbundle;
			path = "SQLiteTests iOS.xctest";
			remoteRef = 4C99AA6422751954003AC673 /* PBXContainerItemProxy */;
			sourceTree = BUILT_PRODUCTS_DIR;
		};
		4C99AA6722751954003AC673 /* SQLite.framework */ = {
			isa = PBXReferenceProxy;
			fileType = wrapper.framework;
			path = SQLite.framework;
			remoteRef = 4C99AA6622751954003AC673 /* PBXContainerItemProxy */;
			sourceTree = BUILT_PRODUCTS_DIR;
		};
		4C99AA6922751954003AC673 /* SQLiteTests Mac.xctest */ = {
			isa = PBXReferenceProxy;
			fileType = wrapper.cfbundle;
			path = "SQLiteTests Mac.xctest";
			remoteRef = 4C99AA6822751954003AC673 /* PBXContainerItemProxy */;
			sourceTree = BUILT_PRODUCTS_DIR;
		};
		4C99AA6B22751954003AC673 /* SQLite.framework */ = {
			isa = PBXReferenceProxy;
			fileType = wrapper.framework;
			path = SQLite.framework;
			remoteRef = 4C99AA6A22751954003AC673 /* PBXContainerItemProxy */;
			sourceTree = BUILT_PRODUCTS_DIR;
		};
		4C99AA6D22751954003AC673 /* SQLiteTests tvOS.xctest */ = {
			isa = PBXReferenceProxy;
			fileType = wrapper.cfbundle;
			path = "SQLiteTests tvOS.xctest";
			remoteRef = 4C99AA6C22751954003AC673 /* PBXContainerItemProxy */;
			sourceTree = BUILT_PRODUCTS_DIR;
		};
		4C99AA6F22751954003AC673 /* SQLite.framework */ = {
			isa = PBXReferenceProxy;
			fileType = wrapper.framework;
			path = SQLite.framework;
			remoteRef = 4C99AA6E22751954003AC673 /* PBXContainerItemProxy */;
			sourceTree = BUILT_PRODUCTS_DIR;
		};
		4C99AA802275196A003AC673 /* SQLite.framework */ = {
			isa = PBXReferenceProxy;
			fileType = wrapper.framework;
			path = SQLite.framework;
			remoteRef = 4C99AA7F2275196A003AC673 /* PBXContainerItemProxy */;
			sourceTree = BUILT_PRODUCTS_DIR;
		};
		4C99AA822275196A003AC673 /* SQLiteTests iOS.xctest */ = {
			isa = PBXReferenceProxy;
			fileType = wrapper.cfbundle;
			path = "SQLiteTests iOS.xctest";
			remoteRef = 4C99AA812275196A003AC673 /* PBXContainerItemProxy */;
			sourceTree = BUILT_PRODUCTS_DIR;
		};
		4C99AA842275196A003AC673 /* SQLite.framework */ = {
			isa = PBXReferenceProxy;
			fileType = wrapper.framework;
			path = SQLite.framework;
			remoteRef = 4C99AA832275196A003AC673 /* PBXContainerItemProxy */;
			sourceTree = BUILT_PRODUCTS_DIR;
		};
		4C99AA862275196A003AC673 /* SQLiteTests Mac.xctest */ = {
			isa = PBXReferenceProxy;
			fileType = wrapper.cfbundle;
			path = "SQLiteTests Mac.xctest";
			remoteRef = 4C99AA852275196A003AC673 /* PBXContainerItemProxy */;
			sourceTree = BUILT_PRODUCTS_DIR;
		};
		4C99AA882275196A003AC673 /* SQLite.framework */ = {
			isa = PBXReferenceProxy;
			fileType = wrapper.framework;
			path = SQLite.framework;
			remoteRef = 4C99AA872275196A003AC673 /* PBXContainerItemProxy */;
			sourceTree = BUILT_PRODUCTS_DIR;
		};
		4C99AA8A2275196A003AC673 /* SQLiteTests tvOS.xctest */ = {
			isa = PBXReferenceProxy;
			fileType = wrapper.cfbundle;
			path = "SQLiteTests tvOS.xctest";
			remoteRef = 4C99AA892275196A003AC673 /* PBXContainerItemProxy */;
			sourceTree = BUILT_PRODUCTS_DIR;
		};
		4C99AA8C2275196A003AC673 /* SQLite.framework */ = {
			isa = PBXReferenceProxy;
			fileType = wrapper.framework;
			path = SQLite.framework;
			remoteRef = 4C99AA8B2275196A003AC673 /* PBXContainerItemProxy */;
			sourceTree = BUILT_PRODUCTS_DIR;
		};
		4C99AA982275197C003AC673 /* SQLite.framework */ = {
			isa = PBXReferenceProxy;
			fileType = wrapper.framework;
			path = SQLite.framework;
			remoteRef = 4C99AA972275197C003AC673 /* PBXContainerItemProxy */;
			sourceTree = BUILT_PRODUCTS_DIR;
		};
		4C99AA9A2275197C003AC673 /* SQLiteTests iOS.xctest */ = {
			isa = PBXReferenceProxy;
			fileType = wrapper.cfbundle;
			path = "SQLiteTests iOS.xctest";
			remoteRef = 4C99AA992275197C003AC673 /* PBXContainerItemProxy */;
			sourceTree = BUILT_PRODUCTS_DIR;
		};
		4C99AA9C2275197C003AC673 /* SQLite.framework */ = {
			isa = PBXReferenceProxy;
			fileType = wrapper.framework;
			path = SQLite.framework;
			remoteRef = 4C99AA9B2275197C003AC673 /* PBXContainerItemProxy */;
			sourceTree = BUILT_PRODUCTS_DIR;
		};
		4C99AA9E2275197C003AC673 /* SQLiteTests Mac.xctest */ = {
			isa = PBXReferenceProxy;
			fileType = wrapper.cfbundle;
			path = "SQLiteTests Mac.xctest";
			remoteRef = 4C99AA9D2275197C003AC673 /* PBXContainerItemProxy */;
			sourceTree = BUILT_PRODUCTS_DIR;
		};
		4C99AAA02275197C003AC673 /* SQLite.framework */ = {
			isa = PBXReferenceProxy;
			fileType = wrapper.framework;
			path = SQLite.framework;
			remoteRef = 4C99AA9F2275197C003AC673 /* PBXContainerItemProxy */;
			sourceTree = BUILT_PRODUCTS_DIR;
		};
		4C99AAA22275197C003AC673 /* SQLiteTests tvOS.xctest */ = {
			isa = PBXReferenceProxy;
			fileType = wrapper.cfbundle;
			path = "SQLiteTests tvOS.xctest";
			remoteRef = 4C99AAA12275197C003AC673 /* PBXContainerItemProxy */;
			sourceTree = BUILT_PRODUCTS_DIR;
		};
		4C99AAA42275197C003AC673 /* SQLite.framework */ = {
			isa = PBXReferenceProxy;
			fileType = wrapper.framework;
			path = SQLite.framework;
			remoteRef = 4C99AAA32275197C003AC673 /* PBXContainerItemProxy */;
			sourceTree = BUILT_PRODUCTS_DIR;
		};
/* End PBXReferenceProxy section */

/* Begin PBXResourcesBuildPhase section */
		A39A982322741D0D0067026D /* Resources */ = {
			isa = PBXResourcesBuildPhase;
			buildActionMask = 2147483647;
			files = (
				A39A983322741D0E0067026D /* LaunchScreen.storyboard in Resources */,
				A39A986122743FF60067026D /* HistoryView.xib in Resources */,
				A39A983022741D0E0067026D /* Assets.xcassets in Resources */,
				A39A982E22741D0D0067026D /* Main.storyboard in Resources */,
			);
			runOnlyForDeploymentPostprocessing = 0;
		};
		A39A983722741D0E0067026D /* Resources */ = {
			isa = PBXResourcesBuildPhase;
			buildActionMask = 2147483647;
			files = (
			);
			runOnlyForDeploymentPostprocessing = 0;
		};
		A39A984222741D0E0067026D /* Resources */ = {
			isa = PBXResourcesBuildPhase;
			buildActionMask = 2147483647;
			files = (
			);
			runOnlyForDeploymentPostprocessing = 0;
		};
/* End PBXResourcesBuildPhase section */

/* Begin PBXSourcesBuildPhase section */
		A39A982122741D0D0067026D /* Sources */ = {
			isa = PBXSourcesBuildPhase;
			buildActionMask = 2147483647;
			files = (
				A39A985C227435500067026D /* HomeView.swift in Sources */,
				4C99A9102274FC93003AC673 /* Sqlite.swift in Sources */,
				A30A92EA2274F2F600580C13 /* InventoryView.swift in Sources */,
				A3F9CD402274F02A0064F401 /* HistoryView.swift in Sources */,
				A3F9CD3C2274C79E0064F401 /* StaffView.swift in Sources */,
				A3F9CD32227446470064F401 /* ModifyView.swift in Sources */,
				A30A92E22274F2B500580C13 /* PersonalVIew.swift in Sources */,
				A30A92E42274F2C800580C13 /* TestingView.swift in Sources */,
				A39A985E22743C480067026D /* LoginView.swift in Sources */,
				A39A982922741D0D0067026D /* AppDelegate.swift in Sources */,
				A30A92E02274F27900580C13 /* StaffInforView.swift in Sources */,
				A30A92E62274F2D700580C13 /* SupplementView.swift in Sources */,
			);
			runOnlyForDeploymentPostprocessing = 0;
		};
		A39A983522741D0E0067026D /* Sources */ = {
			isa = PBXSourcesBuildPhase;
			buildActionMask = 2147483647;
			files = (
				A39A983E22741D0E0067026D /* HIV_AllianceTests.swift in Sources */,
			);
			runOnlyForDeploymentPostprocessing = 0;
		};
		A39A984022741D0E0067026D /* Sources */ = {
			isa = PBXSourcesBuildPhase;
			buildActionMask = 2147483647;
			files = (
				A39A984922741D0E0067026D /* HIV_AllianceUITests.swift in Sources */,
			);
			runOnlyForDeploymentPostprocessing = 0;
		};
/* End PBXSourcesBuildPhase section */

/* Begin PBXTargetDependency section */
		4C99AA7422751965003AC673 /* PBXTargetDependency */ = {
			isa = PBXTargetDependency;
			name = "SQLite iOS";
			targetProxy = 4C99AA7322751965003AC673 /* PBXContainerItemProxy */;
		};
		A39A983B22741D0E0067026D /* PBXTargetDependency */ = {
			isa = PBXTargetDependency;
			target = A39A982422741D0D0067026D /* HIV Alliance */;
			targetProxy = A39A983A22741D0E0067026D /* PBXContainerItemProxy */;
		};
		A39A984622741D0E0067026D /* PBXTargetDependency */ = {
			isa = PBXTargetDependency;
			target = A39A982422741D0D0067026D /* HIV Alliance */;
			targetProxy = A39A984522741D0E0067026D /* PBXContainerItemProxy */;
		};
/* End PBXTargetDependency section */

/* Begin PBXVariantGroup section */
		A39A982C22741D0D0067026D /* Main.storyboard */ = {
			isa = PBXVariantGroup;
			children = (
				A39A982D22741D0D0067026D /* Base */,
			);
			name = Main.storyboard;
			sourceTree = "<group>";
		};
		A39A983122741D0E0067026D /* LaunchScreen.storyboard */ = {
			isa = PBXVariantGroup;
			children = (
				A39A983222741D0E0067026D /* Base */,
			);
			name = LaunchScreen.storyboard;
			sourceTree = "<group>";
		};
/* End PBXVariantGroup section */

/* Begin XCBuildConfiguration section */
		A39A984B22741D0E0067026D /* Debug */ = {
			isa = XCBuildConfiguration;
			buildSettings = {
				ALWAYS_SEARCH_USER_PATHS = NO;
				CLANG_ANALYZER_NONNULL = YES;
				CLANG_ANALYZER_NUMBER_OBJECT_CONVERSION = YES_AGGRESSIVE;
				CLANG_CXX_LANGUAGE_STANDARD = "gnu++14";
				CLANG_CXX_LIBRARY = "libc++";
				CLANG_ENABLE_MODULES = YES;
				CLANG_ENABLE_OBJC_ARC = YES;
				CLANG_ENABLE_OBJC_WEAK = YES;
				CLANG_WARN_BLOCK_CAPTURE_AUTORELEASING = YES;
				CLANG_WARN_BOOL_CONVERSION = YES;
				CLANG_WARN_COMMA = YES;
				CLANG_WARN_CONSTANT_CONVERSION = YES;
				CLANG_WARN_DEPRECATED_OBJC_IMPLEMENTATIONS = YES;
				CLANG_WARN_DIRECT_OBJC_ISA_USAGE = YES_ERROR;
				CLANG_WARN_DOCUMENTATION_COMMENTS = YES;
				CLANG_WARN_EMPTY_BODY = YES;
				CLANG_WARN_ENUM_CONVERSION = YES;
				CLANG_WARN_INFINITE_RECURSION = YES;
				CLANG_WARN_INT_CONVERSION = YES;
				CLANG_WARN_NON_LITERAL_NULL_CONVERSION = YES;
				CLANG_WARN_OBJC_IMPLICIT_RETAIN_SELF = YES;
				CLANG_WARN_OBJC_LITERAL_CONVERSION = YES;
				CLANG_WARN_OBJC_ROOT_CLASS = YES_ERROR;
				CLANG_WARN_RANGE_LOOP_ANALYSIS = YES;
				CLANG_WARN_STRICT_PROTOTYPES = YES;
				CLANG_WARN_SUSPICIOUS_MOVE = YES;
				CLANG_WARN_UNGUARDED_AVAILABILITY = YES_AGGRESSIVE;
				CLANG_WARN_UNREACHABLE_CODE = YES;
				CLANG_WARN__DUPLICATE_METHOD_MATCH = YES;
				CODE_SIGN_IDENTITY = "iPhone Developer";
				COPY_PHASE_STRIP = NO;
				DEBUG_INFORMATION_FORMAT = dwarf;
				ENABLE_STRICT_OBJC_MSGSEND = YES;
				ENABLE_TESTABILITY = YES;
				GCC_C_LANGUAGE_STANDARD = gnu11;
				GCC_DYNAMIC_NO_PIC = NO;
				GCC_NO_COMMON_BLOCKS = YES;
				GCC_OPTIMIZATION_LEVEL = 0;
				GCC_PREPROCESSOR_DEFINITIONS = (
					"DEBUG=1",
					"$(inherited)",
				);
				GCC_WARN_64_TO_32_BIT_CONVERSION = YES;
				GCC_WARN_ABOUT_RETURN_TYPE = YES_ERROR;
				GCC_WARN_UNDECLARED_SELECTOR = YES;
				GCC_WARN_UNINITIALIZED_AUTOS = YES_AGGRESSIVE;
				GCC_WARN_UNUSED_FUNCTION = YES;
				GCC_WARN_UNUSED_VARIABLE = YES;
				IPHONEOS_DEPLOYMENT_TARGET = 12.2;
				MTL_ENABLE_DEBUG_INFO = INCLUDE_SOURCE;
				MTL_FAST_MATH = YES;
				ONLY_ACTIVE_ARCH = YES;
				SDKROOT = iphoneos;
				SWIFT_ACTIVE_COMPILATION_CONDITIONS = DEBUG;
				SWIFT_OPTIMIZATION_LEVEL = "-Onone";
			};
			name = Debug;
		};
		A39A984C22741D0E0067026D /* Release */ = {
			isa = XCBuildConfiguration;
			buildSettings = {
				ALWAYS_SEARCH_USER_PATHS = NO;
				CLANG_ANALYZER_NONNULL = YES;
				CLANG_ANALYZER_NUMBER_OBJECT_CONVERSION = YES_AGGRESSIVE;
				CLANG_CXX_LANGUAGE_STANDARD = "gnu++14";
				CLANG_CXX_LIBRARY = "libc++";
				CLANG_ENABLE_MODULES = YES;
				CLANG_ENABLE_OBJC_ARC = YES;
				CLANG_ENABLE_OBJC_WEAK = YES;
				CLANG_WARN_BLOCK_CAPTURE_AUTORELEASING = YES;
				CLANG_WARN_BOOL_CONVERSION = YES;
				CLANG_WARN_COMMA = YES;
				CLANG_WARN_CONSTANT_CONVERSION = YES;
				CLANG_WARN_DEPRECATED_OBJC_IMPLEMENTATIONS = YES;
				CLANG_WARN_DIRECT_OBJC_ISA_USAGE = YES_ERROR;
				CLANG_WARN_DOCUMENTATION_COMMENTS = YES;
				CLANG_WARN_EMPTY_BODY = YES;
				CLANG_WARN_ENUM_CONVERSION = YES;
				CLANG_WARN_INFINITE_RECURSION = YES;
				CLANG_WARN_INT_CONVERSION = YES;
				CLANG_WARN_NON_LITERAL_NULL_CONVERSION = YES;
				CLANG_WARN_OBJC_IMPLICIT_RETAIN_SELF = YES;
				CLANG_WARN_OBJC_LITERAL_CONVERSION = YES;
				CLANG_WARN_OBJC_ROOT_CLASS = YES_ERROR;
				CLANG_WARN_RANGE_LOOP_ANALYSIS = YES;
				CLANG_WARN_STRICT_PROTOTYPES = YES;
				CLANG_WARN_SUSPICIOUS_MOVE = YES;
				CLANG_WARN_UNGUARDED_AVAILABILITY = YES_AGGRESSIVE;
				CLANG_WARN_UNREACHABLE_CODE = YES;
				CLANG_WARN__DUPLICATE_METHOD_MATCH = YES;
				CODE_SIGN_IDENTITY = "iPhone Developer";
				COPY_PHASE_STRIP = NO;
				DEBUG_INFORMATION_FORMAT = "dwarf-with-dsym";
				ENABLE_NS_ASSERTIONS = NO;
				ENABLE_STRICT_OBJC_MSGSEND = YES;
				GCC_C_LANGUAGE_STANDARD = gnu11;
				GCC_NO_COMMON_BLOCKS = YES;
				GCC_WARN_64_TO_32_BIT_CONVERSION = YES;
				GCC_WARN_ABOUT_RETURN_TYPE = YES_ERROR;
				GCC_WARN_UNDECLARED_SELECTOR = YES;
				GCC_WARN_UNINITIALIZED_AUTOS = YES_AGGRESSIVE;
				GCC_WARN_UNUSED_FUNCTION = YES;
				GCC_WARN_UNUSED_VARIABLE = YES;
				IPHONEOS_DEPLOYMENT_TARGET = 12.2;
				MTL_ENABLE_DEBUG_INFO = NO;
				MTL_FAST_MATH = YES;
				SDKROOT = iphoneos;
				SWIFT_COMPILATION_MODE = wholemodule;
				SWIFT_OPTIMIZATION_LEVEL = "-O";
				VALIDATE_PRODUCT = YES;
			};
			name = Release;
		};
		A39A984E22741D0E0067026D /* Debug */ = {
			isa = XCBuildConfiguration;
			buildSettings = {
				ALWAYS_EMBED_SWIFT_STANDARD_LIBRARIES = YES;
				ASSETCATALOG_COMPILER_APPICON_NAME = AppIcon;
				CODE_SIGN_STYLE = Automatic;
				DEVELOPMENT_TEAM = S42AA9W2TB;
				INFOPLIST_FILE = "HIV Alliance/Info.plist";
				LD_RUNPATH_SEARCH_PATHS = (
					"$(inherited)",
					"@executable_path/Frameworks",
				);
				PRODUCT_BUNDLE_IDENTIFIER = "HIV-Alliance.HIV-Alliance";
				PRODUCT_NAME = "$(TARGET_NAME)";
				SWIFT_VERSION = 5.0;
				TARGETED_DEVICE_FAMILY = "1,2";
			};
			name = Debug;
		};
		A39A984F22741D0E0067026D /* Release */ = {
			isa = XCBuildConfiguration;
			buildSettings = {
				ALWAYS_EMBED_SWIFT_STANDARD_LIBRARIES = YES;
				ASSETCATALOG_COMPILER_APPICON_NAME = AppIcon;
				CODE_SIGN_STYLE = Automatic;
				DEVELOPMENT_TEAM = S42AA9W2TB;
				INFOPLIST_FILE = "HIV Alliance/Info.plist";
				LD_RUNPATH_SEARCH_PATHS = (
					"$(inherited)",
					"@executable_path/Frameworks",
				);
				PRODUCT_BUNDLE_IDENTIFIER = "HIV-Alliance.HIV-Alliance";
				PRODUCT_NAME = "$(TARGET_NAME)";
				SWIFT_VERSION = 5.0;
				TARGETED_DEVICE_FAMILY = "1,2";
			};
			name = Release;
		};
		A39A985122741D0E0067026D /* Debug */ = {
			isa = XCBuildConfiguration;
			buildSettings = {
				ALWAYS_EMBED_SWIFT_STANDARD_LIBRARIES = YES;
				BUNDLE_LOADER = "$(TEST_HOST)";
				CODE_SIGN_STYLE = Automatic;
				DEVELOPMENT_TEAM = JK4JMG8JLN;
				INFOPLIST_FILE = "HIV AllianceTests/Info.plist";
				LD_RUNPATH_SEARCH_PATHS = (
					"$(inherited)",
					"@executable_path/Frameworks",
					"@loader_path/Frameworks",
				);
				PRODUCT_BUNDLE_IDENTIFIER = "HIV-Alliance.HIV-AllianceTests";
				PRODUCT_NAME = "$(TARGET_NAME)";
				SWIFT_VERSION = 5.0;
				TARGETED_DEVICE_FAMILY = "1,2";
				TEST_HOST = "$(BUILT_PRODUCTS_DIR)/HIV Alliance.app/HIV Alliance";
			};
			name = Debug;
		};
		A39A985222741D0E0067026D /* Release */ = {
			isa = XCBuildConfiguration;
			buildSettings = {
				ALWAYS_EMBED_SWIFT_STANDARD_LIBRARIES = YES;
				BUNDLE_LOADER = "$(TEST_HOST)";
				CODE_SIGN_STYLE = Automatic;
				DEVELOPMENT_TEAM = JK4JMG8JLN;
				INFOPLIST_FILE = "HIV AllianceTests/Info.plist";
				LD_RUNPATH_SEARCH_PATHS = (
					"$(inherited)",
					"@executable_path/Frameworks",
					"@loader_path/Frameworks",
				);
				PRODUCT_BUNDLE_IDENTIFIER = "HIV-Alliance.HIV-AllianceTests";
				PRODUCT_NAME = "$(TARGET_NAME)";
				SWIFT_VERSION = 5.0;
				TARGETED_DEVICE_FAMILY = "1,2";
				TEST_HOST = "$(BUILT_PRODUCTS_DIR)/HIV Alliance.app/HIV Alliance";
			};
			name = Release;
		};
		A39A985422741D0E0067026D /* Debug */ = {
			isa = XCBuildConfiguration;
			buildSettings = {
				ALWAYS_EMBED_SWIFT_STANDARD_LIBRARIES = YES;
				CODE_SIGN_STYLE = Automatic;
				DEVELOPMENT_TEAM = JK4JMG8JLN;
				INFOPLIST_FILE = "HIV AllianceUITests/Info.plist";
				LD_RUNPATH_SEARCH_PATHS = (
					"$(inherited)",
					"@executable_path/Frameworks",
					"@loader_path/Frameworks",
				);
				PRODUCT_BUNDLE_IDENTIFIER = "HIV-Alliance.HIV-AllianceUITests";
				PRODUCT_NAME = "$(TARGET_NAME)";
				SWIFT_VERSION = 5.0;
				TARGETED_DEVICE_FAMILY = "1,2";
				TEST_TARGET_NAME = "HIV Alliance";
			};
			name = Debug;
		};
		A39A985522741D0E0067026D /* Release */ = {
			isa = XCBuildConfiguration;
			buildSettings = {
				ALWAYS_EMBED_SWIFT_STANDARD_LIBRARIES = YES;
				CODE_SIGN_STYLE = Automatic;
				DEVELOPMENT_TEAM = JK4JMG8JLN;
				INFOPLIST_FILE = "HIV AllianceUITests/Info.plist";
				LD_RUNPATH_SEARCH_PATHS = (
					"$(inherited)",
					"@executable_path/Frameworks",
					"@loader_path/Frameworks",
				);
				PRODUCT_BUNDLE_IDENTIFIER = "HIV-Alliance.HIV-AllianceUITests";
				PRODUCT_NAME = "$(TARGET_NAME)";
				SWIFT_VERSION = 5.0;
				TARGETED_DEVICE_FAMILY = "1,2";
				TEST_TARGET_NAME = "HIV Alliance";
			};
			name = Release;
		};
/* End XCBuildConfiguration section */

/* Begin XCConfigurationList section */
		A39A982022741D0D0067026D /* Build configuration list for PBXProject "HIV Alliance" */ = {
			isa = XCConfigurationList;
			buildConfigurations = (
				A39A984B22741D0E0067026D /* Debug */,
				A39A984C22741D0E0067026D /* Release */,
			);
			defaultConfigurationIsVisible = 0;
			defaultConfigurationName = Release;
		};
		A39A984D22741D0E0067026D /* Build configuration list for PBXNativeTarget "HIV Alliance" */ = {
			isa = XCConfigurationList;
			buildConfigurations = (
				A39A984E22741D0E0067026D /* Debug */,
				A39A984F22741D0E0067026D /* Release */,
			);
			defaultConfigurationIsVisible = 0;
			defaultConfigurationName = Release;
		};
		A39A985022741D0E0067026D /* Build configuration list for PBXNativeTarget "HIV AllianceTests" */ = {
			isa = XCConfigurationList;
			buildConfigurations = (
				A39A985122741D0E0067026D /* Debug */,
				A39A985222741D0E0067026D /* Release */,
			);
			defaultConfigurationIsVisible = 0;
			defaultConfigurationName = Release;
		};
		A39A985322741D0E0067026D /* Build configuration list for PBXNativeTarget "HIV AllianceUITests" */ = {
			isa = XCConfigurationList;
			buildConfigurations = (
				A39A985422741D0E0067026D /* Debug */,
				A39A985522741D0E0067026D /* Release */,
			);
			defaultConfigurationIsVisible = 0;
			defaultConfigurationName = Release;
		};
/* End XCConfigurationList section */
	};
	rootObject = A39A981D22741D0D0067026D /* Project object */;
}
